// !$*UTF8*$!
{
	archiveVersion = 1;
	classes = {
	};
	objectVersion = 48;
	objects = {

/* Begin PBXBuildFile section */
		2F02F07706EBEFE7BCBAC793 /* Pods_ChatSpecialContent.framework in Frameworks */ = {isa = PBXBuildFile; fileRef = F2A14B8F7FF5D868037B755B /* Pods_ChatSpecialContent.framework */; };
		30077BC8205E439B0082B2BA /* Matches.swift in Sources */ = {isa = PBXBuildFile; fileRef = 30077BC7205E439B0082B2BA /* Matches.swift */; };
		30077BCA205F3BA40082B2BA /* SpecialContent.swift in Sources */ = {isa = PBXBuildFile; fileRef = 30077BC9205F3BA40082B2BA /* SpecialContent.swift */; };
		30367452205DF9FE00042E33 /* AppDelegate.swift in Sources */ = {isa = PBXBuildFile; fileRef = 30367451205DF9FE00042E33 /* AppDelegate.swift */; };
		30367454205DF9FE00042E33 /* ViewController.swift in Sources */ = {isa = PBXBuildFile; fileRef = 30367453205DF9FE00042E33 /* ViewController.swift */; };
		30367457205DF9FE00042E33 /* Main.storyboard in Resources */ = {isa = PBXBuildFile; fileRef = 30367455205DF9FE00042E33 /* Main.storyboard */; };
		30367459205DF9FE00042E33 /* Assets.xcassets in Resources */ = {isa = PBXBuildFile; fileRef = 30367458205DF9FE00042E33 /* Assets.xcassets */; };
		3036745C205DF9FE00042E33 /* LaunchScreen.storyboard in Resources */ = {isa = PBXBuildFile; fileRef = 3036745A205DF9FE00042E33 /* LaunchScreen.storyboard */; };
		30367467205DF9FE00042E33 /* ChatSpecialContentTests.swift in Sources */ = {isa = PBXBuildFile; fileRef = 30367466205DF9FE00042E33 /* ChatSpecialContentTests.swift */; };
		30367472205DF9FE00042E33 /* ChatSpecialContentUITests.swift in Sources */ = {isa = PBXBuildFile; fileRef = 30367471205DF9FE00042E33 /* ChatSpecialContentUITests.swift */; };
		3036748D205DFB0900042E33 /* SpecialContentDetection.framework in Frameworks */ = {isa = PBXBuildFile; fileRef = 30367484205DFB0900042E33 /* SpecialContentDetection.framework */; };
		30367496205DFB0A00042E33 /* SpecialContentDetection.h in Headers */ = {isa = PBXBuildFile; fileRef = 30367486205DFB0900042E33 /* SpecialContentDetection.h */; settings = {ATTRIBUTES = (Public, ); }; };
		30367499205DFB0A00042E33 /* SpecialContentDetection.framework in Frameworks */ = {isa = PBXBuildFile; fileRef = 30367484205DFB0900042E33 /* SpecialContentDetection.framework */; };
		3036749A205DFB0A00042E33 /* SpecialContentDetection.framework in Embed Frameworks */ = {isa = PBXBuildFile; fileRef = 30367484205DFB0900042E33 /* SpecialContentDetection.framework */; settings = {ATTRIBUTES = (CodeSignOnCopy, RemoveHeadersOnCopy, ); }; };
		303674AC205DFCD500042E33 /* SpecialContentMatch.swift in Sources */ = {isa = PBXBuildFile; fileRef = 303674A3205DFCD500042E33 /* SpecialContentMatch.swift */; };
		303674AD205DFCD500042E33 /* MessageSpecialContent.swift in Sources */ = {isa = PBXBuildFile; fileRef = 303674A4205DFCD500042E33 /* MessageSpecialContent.swift */; };
		303674AE205DFCD500042E33 /* LinksDetector.swift in Sources */ = {isa = PBXBuildFile; fileRef = 303674A6205DFCD500042E33 /* LinksDetector.swift */; };
		303674AF205DFCD500042E33 /* RegExDetector.swift in Sources */ = {isa = PBXBuildFile; fileRef = 303674A7205DFCD500042E33 /* RegExDetector.swift */; };
		303674B0205DFCD500042E33 /* EmoticonsDetector.swift in Sources */ = {isa = PBXBuildFile; fileRef = 303674A8205DFCD500042E33 /* EmoticonsDetector.swift */; };
		303674B1205DFCD500042E33 /* SpecialContentDetector.swift in Sources */ = {isa = PBXBuildFile; fileRef = 303674A9205DFCD500042E33 /* SpecialContentDetector.swift */; };
		303674B2205DFCD500042E33 /* MentionsDetector.swift in Sources */ = {isa = PBXBuildFile; fileRef = 303674AA205DFCD500042E33 /* MentionsDetector.swift */; };
		303674B3205DFCD500042E33 /* ChatContentDetector.swift in Sources */ = {isa = PBXBuildFile; fileRef = 303674AB205DFCD500042E33 /* ChatContentDetector.swift */; };
		303674B5205E41E300042E33 /* LinkContent.swift in Sources */ = {isa = PBXBuildFile; fileRef = 303674B4205E41E300042E33 /* LinkContent.swift */; };
		30A8083F2063D7D300D0845B /* LinkContentLoader.swift in Sources */ = {isa = PBXBuildFile; fileRef = 30A8083E2063D7D300D0845B /* LinkContentLoader.swift */; };
		30A8084B2066937400D0845B /* RegExDetectorTests.swift in Sources */ = {isa = PBXBuildFile; fileRef = 30A8084A2066937400D0845B /* RegExDetectorTests.swift */; };
		30A8084D20669D9D00D0845B /* MentionsDetectorTests.swift in Sources */ = {isa = PBXBuildFile; fileRef = 30A8084C20669D9D00D0845B /* MentionsDetectorTests.swift */; };
		30A808512066ADD000D0845B /* EmoticonsDetectorTests.swift in Sources */ = {isa = PBXBuildFile; fileRef = 30A808502066ADD000D0845B /* EmoticonsDetectorTests.swift */; };
		30A808532067714C00D0845B /* LinksDetectorTests.swift in Sources */ = {isa = PBXBuildFile; fileRef = 30A808522067714C00D0845B /* LinksDetectorTests.swift */; };
		30A8085520677B9400D0845B /* LinkContentLoaderTests.swift in Sources */ = {isa = PBXBuildFile; fileRef = 30A8085420677B9400D0845B /* LinkContentLoaderTests.swift */; };
		BEDD734E1724699CFFFC8624 /* Pods_SpecialContentDetectionTests.framework in Frameworks */ = {isa = PBXBuildFile; fileRef = 39CC1204AEF511A7A3BEF204 /* Pods_SpecialContentDetectionTests.framework */; };
		CB659A24A1651FF6DC050DEE /* Pods_SpecialContentDetection.framework in Frameworks */ = {isa = PBXBuildFile; fileRef = 5FB05E11B6F46B3BA4560D53 /* Pods_SpecialContentDetection.framework */; };
/* End PBXBuildFile section */

/* Begin PBXContainerItemProxy section */
		30367463205DF9FE00042E33 /* PBXContainerItemProxy */ = {
			isa = PBXContainerItemProxy;
			containerPortal = 30367446205DF9FE00042E33 /* Project object */;
			proxyType = 1;
			remoteGlobalIDString = 3036744D205DF9FE00042E33;
			remoteInfo = ChatSpecialContent;
		};
		3036746E205DF9FE00042E33 /* PBXContainerItemProxy */ = {
			isa = PBXContainerItemProxy;
			containerPortal = 30367446205DF9FE00042E33 /* Project object */;
			proxyType = 1;
			remoteGlobalIDString = 3036744D205DF9FE00042E33;
			remoteInfo = ChatSpecialContent;
		};
		3036748E205DFB0900042E33 /* PBXContainerItemProxy */ = {
			isa = PBXContainerItemProxy;
			containerPortal = 30367446205DF9FE00042E33 /* Project object */;
			proxyType = 1;
			remoteGlobalIDString = 30367483205DFB0900042E33;
			remoteInfo = SpecialContentDetection;
		};
		30367490205DFB0900042E33 /* PBXContainerItemProxy */ = {
			isa = PBXContainerItemProxy;
			containerPortal = 30367446205DF9FE00042E33 /* Project object */;
			proxyType = 1;
			remoteGlobalIDString = 3036744D205DF9FE00042E33;
			remoteInfo = ChatSpecialContent;
		};
		30367497205DFB0A00042E33 /* PBXContainerItemProxy */ = {
			isa = PBXContainerItemProxy;
			containerPortal = 30367446205DF9FE00042E33 /* Project object */;
			proxyType = 1;
			remoteGlobalIDString = 30367483205DFB0900042E33;
			remoteInfo = SpecialContentDetection;
		};
/* End PBXContainerItemProxy section */

/* Begin PBXCopyFilesBuildPhase section */
		3036749E205DFB0A00042E33 /* Embed Frameworks */ = {
			isa = PBXCopyFilesBuildPhase;
			buildActionMask = 2147483647;
			dstPath = "";
			dstSubfolderSpec = 10;
			files = (
				3036749A205DFB0A00042E33 /* SpecialContentDetection.framework in Embed Frameworks */,
			);
			name = "Embed Frameworks";
			runOnlyForDeploymentPostprocessing = 0;
		};
/* End PBXCopyFilesBuildPhase section */

/* Begin PBXFileReference section */
		06D7CA14E7DDFF69E33D58EB /* Pods-SpecialContentDetection.debug.xcconfig */ = {isa = PBXFileReference; includeInIndex = 1; lastKnownFileType = text.xcconfig; name = "Pods-SpecialContentDetection.debug.xcconfig"; path = "Pods/Target Support Files/Pods-SpecialContentDetection/Pods-SpecialContentDetection.debug.xcconfig"; sourceTree = "<group>"; };
		30077BC7205E439B0082B2BA /* Matches.swift */ = {isa = PBXFileReference; lastKnownFileType = sourcecode.swift; path = Matches.swift; sourceTree = "<group>"; };
		30077BC9205F3BA40082B2BA /* SpecialContent.swift */ = {isa = PBXFileReference; lastKnownFileType = sourcecode.swift; path = SpecialContent.swift; sourceTree = "<group>"; };
		3036744E205DF9FE00042E33 /* ChatSpecialContent.app */ = {isa = PBXFileReference; explicitFileType = wrapper.application; includeInIndex = 0; path = ChatSpecialContent.app; sourceTree = BUILT_PRODUCTS_DIR; };
		30367451205DF9FE00042E33 /* AppDelegate.swift */ = {isa = PBXFileReference; lastKnownFileType = sourcecode.swift; path = AppDelegate.swift; sourceTree = "<group>"; };
		30367453205DF9FE00042E33 /* ViewController.swift */ = {isa = PBXFileReference; lastKnownFileType = sourcecode.swift; path = ViewController.swift; sourceTree = "<group>"; };
		30367456205DF9FE00042E33 /* Base */ = {isa = PBXFileReference; lastKnownFileType = file.storyboard; name = Base; path = Base.lproj/Main.storyboard; sourceTree = "<group>"; };
		30367458205DF9FE00042E33 /* Assets.xcassets */ = {isa = PBXFileReference; lastKnownFileType = folder.assetcatalog; path = Assets.xcassets; sourceTree = "<group>"; };
		3036745B205DF9FE00042E33 /* Base */ = {isa = PBXFileReference; lastKnownFileType = file.storyboard; name = Base; path = Base.lproj/LaunchScreen.storyboard; sourceTree = "<group>"; };
		3036745D205DF9FE00042E33 /* Info.plist */ = {isa = PBXFileReference; lastKnownFileType = text.plist.xml; path = Info.plist; sourceTree = "<group>"; };
		30367462205DF9FE00042E33 /* ChatSpecialContentTests.xctest */ = {isa = PBXFileReference; explicitFileType = wrapper.cfbundle; includeInIndex = 0; path = ChatSpecialContentTests.xctest; sourceTree = BUILT_PRODUCTS_DIR; };
		30367466205DF9FE00042E33 /* ChatSpecialContentTests.swift */ = {isa = PBXFileReference; lastKnownFileType = sourcecode.swift; path = ChatSpecialContentTests.swift; sourceTree = "<group>"; };
		30367468205DF9FE00042E33 /* Info.plist */ = {isa = PBXFileReference; lastKnownFileType = text.plist.xml; path = Info.plist; sourceTree = "<group>"; };
		3036746D205DF9FE00042E33 /* ChatSpecialContentUITests.xctest */ = {isa = PBXFileReference; explicitFileType = wrapper.cfbundle; includeInIndex = 0; path = ChatSpecialContentUITests.xctest; sourceTree = BUILT_PRODUCTS_DIR; };
		30367471205DF9FE00042E33 /* ChatSpecialContentUITests.swift */ = {isa = PBXFileReference; lastKnownFileType = sourcecode.swift; path = ChatSpecialContentUITests.swift; sourceTree = "<group>"; };
		30367473205DF9FE00042E33 /* Info.plist */ = {isa = PBXFileReference; lastKnownFileType = text.plist.xml; path = Info.plist; sourceTree = "<group>"; };
		30367484205DFB0900042E33 /* SpecialContentDetection.framework */ = {isa = PBXFileReference; explicitFileType = wrapper.framework; includeInIndex = 0; path = SpecialContentDetection.framework; sourceTree = BUILT_PRODUCTS_DIR; };
		30367486205DFB0900042E33 /* SpecialContentDetection.h */ = {isa = PBXFileReference; lastKnownFileType = sourcecode.c.h; path = SpecialContentDetection.h; sourceTree = "<group>"; };
		30367487205DFB0900042E33 /* Info.plist */ = {isa = PBXFileReference; lastKnownFileType = text.plist.xml; path = Info.plist; sourceTree = "<group>"; };
		3036748C205DFB0900042E33 /* SpecialContentDetectionTests.xctest */ = {isa = PBXFileReference; explicitFileType = wrapper.cfbundle; includeInIndex = 0; path = SpecialContentDetectionTests.xctest; sourceTree = BUILT_PRODUCTS_DIR; };
		30367495205DFB0A00042E33 /* Info.plist */ = {isa = PBXFileReference; lastKnownFileType = text.plist.xml; path = Info.plist; sourceTree = "<group>"; };
		303674A3205DFCD500042E33 /* SpecialContentMatch.swift */ = {isa = PBXFileReference; fileEncoding = 4; lastKnownFileType = sourcecode.swift; path = SpecialContentMatch.swift; sourceTree = "<group>"; };
		303674A4205DFCD500042E33 /* MessageSpecialContent.swift */ = {isa = PBXFileReference; fileEncoding = 4; lastKnownFileType = sourcecode.swift; path = MessageSpecialContent.swift; sourceTree = "<group>"; };
		303674A6205DFCD500042E33 /* LinksDetector.swift */ = {isa = PBXFileReference; fileEncoding = 4; lastKnownFileType = sourcecode.swift; path = LinksDetector.swift; sourceTree = "<group>"; };
		303674A7205DFCD500042E33 /* RegExDetector.swift */ = {isa = PBXFileReference; fileEncoding = 4; lastKnownFileType = sourcecode.swift; path = RegExDetector.swift; sourceTree = "<group>"; };
		303674A8205DFCD500042E33 /* EmoticonsDetector.swift */ = {isa = PBXFileReference; fileEncoding = 4; lastKnownFileType = sourcecode.swift; path = EmoticonsDetector.swift; sourceTree = "<group>"; };
		303674A9205DFCD500042E33 /* SpecialContentDetector.swift */ = {isa = PBXFileReference; fileEncoding = 4; lastKnownFileType = sourcecode.swift; path = SpecialContentDetector.swift; sourceTree = "<group>"; };
		303674AA205DFCD500042E33 /* MentionsDetector.swift */ = {isa = PBXFileReference; fileEncoding = 4; lastKnownFileType = sourcecode.swift; path = MentionsDetector.swift; sourceTree = "<group>"; };
		303674AB205DFCD500042E33 /* ChatContentDetector.swift */ = {isa = PBXFileReference; fileEncoding = 4; lastKnownFileType = sourcecode.swift; path = ChatContentDetector.swift; sourceTree = "<group>"; };
		303674B4205E41E300042E33 /* LinkContent.swift */ = {isa = PBXFileReference; lastKnownFileType = sourcecode.swift; path = LinkContent.swift; sourceTree = "<group>"; };
		30A8083E2063D7D300D0845B /* LinkContentLoader.swift */ = {isa = PBXFileReference; lastKnownFileType = sourcecode.swift; path = LinkContentLoader.swift; sourceTree = "<group>"; };
		30A8084A2066937400D0845B /* RegExDetectorTests.swift */ = {isa = PBXFileReference; lastKnownFileType = sourcecode.swift; path = RegExDetectorTests.swift; sourceTree = "<group>"; };
		30A8084C20669D9D00D0845B /* MentionsDetectorTests.swift */ = {isa = PBXFileReference; lastKnownFileType = sourcecode.swift; path = MentionsDetectorTests.swift; sourceTree = "<group>"; };
		30A8084F2066A4FF00D0845B /* SpecialContentDetectionTests-Bridging-Header.h */ = {isa = PBXFileReference; fileEncoding = 4; lastKnownFileType = sourcecode.c.h; path = "SpecialContentDetectionTests-Bridging-Header.h"; sourceTree = "<group>"; };
		30A808502066ADD000D0845B /* EmoticonsDetectorTests.swift */ = {isa = PBXFileReference; lastKnownFileType = sourcecode.swift; path = EmoticonsDetectorTests.swift; sourceTree = "<group>"; };
		30A808522067714C00D0845B /* LinksDetectorTests.swift */ = {isa = PBXFileReference; lastKnownFileType = sourcecode.swift; path = LinksDetectorTests.swift; sourceTree = "<group>"; };
		30A8085420677B9400D0845B /* LinkContentLoaderTests.swift */ = {isa = PBXFileReference; lastKnownFileType = sourcecode.swift; path = LinkContentLoaderTests.swift; sourceTree = "<group>"; };
		39CC1204AEF511A7A3BEF204 /* Pods_SpecialContentDetectionTests.framework */ = {isa = PBXFileReference; explicitFileType = wrapper.framework; includeInIndex = 0; path = Pods_SpecialContentDetectionTests.framework; sourceTree = BUILT_PRODUCTS_DIR; };
		44D98DF3E7665E95A538F9BE /* Pods-ChatSpecialContent.debug.xcconfig */ = {isa = PBXFileReference; includeInIndex = 1; lastKnownFileType = text.xcconfig; name = "Pods-ChatSpecialContent.debug.xcconfig"; path = "Pods/Target Support Files/Pods-ChatSpecialContent/Pods-ChatSpecialContent.debug.xcconfig"; sourceTree = "<group>"; };
		4B6511924C388F7B2B2CBE9D /* Pods-SpecialContentDetection.release.xcconfig */ = {isa = PBXFileReference; includeInIndex = 1; lastKnownFileType = text.xcconfig; name = "Pods-SpecialContentDetection.release.xcconfig"; path = "Pods/Target Support Files/Pods-SpecialContentDetection/Pods-SpecialContentDetection.release.xcconfig"; sourceTree = "<group>"; };
		56946801FED171E838D4FD33 /* Pods-SpecialContentDetectionTests.release.xcconfig */ = {isa = PBXFileReference; includeInIndex = 1; lastKnownFileType = text.xcconfig; name = "Pods-SpecialContentDetectionTests.release.xcconfig"; path = "Pods/Target Support Files/Pods-SpecialContentDetectionTests/Pods-SpecialContentDetectionTests.release.xcconfig"; sourceTree = "<group>"; };
		5FB05E11B6F46B3BA4560D53 /* Pods_SpecialContentDetection.framework */ = {isa = PBXFileReference; explicitFileType = wrapper.framework; includeInIndex = 0; path = Pods_SpecialContentDetection.framework; sourceTree = BUILT_PRODUCTS_DIR; };
		929074CA976A66A2D9711355 /* Pods-ChatSpecialContent.release.xcconfig */ = {isa = PBXFileReference; includeInIndex = 1; lastKnownFileType = text.xcconfig; name = "Pods-ChatSpecialContent.release.xcconfig"; path = "Pods/Target Support Files/Pods-ChatSpecialContent/Pods-ChatSpecialContent.release.xcconfig"; sourceTree = "<group>"; };
		C2166D8AE8C04858724D944E /* Pods-SpecialContentDetectionTests.debug.xcconfig */ = {isa = PBXFileReference; includeInIndex = 1; lastKnownFileType = text.xcconfig; name = "Pods-SpecialContentDetectionTests.debug.xcconfig"; path = "Pods/Target Support Files/Pods-SpecialContentDetectionTests/Pods-SpecialContentDetectionTests.debug.xcconfig"; sourceTree = "<group>"; };
		F2A14B8F7FF5D868037B755B /* Pods_ChatSpecialContent.framework */ = {isa = PBXFileReference; explicitFileType = wrapper.framework; includeInIndex = 0; path = Pods_ChatSpecialContent.framework; sourceTree = BUILT_PRODUCTS_DIR; };
/* End PBXFileReference section */

/* Begin PBXFrameworksBuildPhase section */
		3036744B205DF9FE00042E33 /* Frameworks */ = {
			isa = PBXFrameworksBuildPhase;
			buildActionMask = 2147483647;
			files = (
				30367499205DFB0A00042E33 /* SpecialContentDetection.framework in Frameworks */,
				2F02F07706EBEFE7BCBAC793 /* Pods_ChatSpecialContent.framework in Frameworks */,
			);
			runOnlyForDeploymentPostprocessing = 0;
		};
		3036745F205DF9FE00042E33 /* Frameworks */ = {
			isa = PBXFrameworksBuildPhase;
			buildActionMask = 2147483647;
			files = (
			);
			runOnlyForDeploymentPostprocessing = 0;
		};
		3036746A205DF9FE00042E33 /* Frameworks */ = {
			isa = PBXFrameworksBuildPhase;
			buildActionMask = 2147483647;
			files = (
			);
			runOnlyForDeploymentPostprocessing = 0;
		};
		30367480205DFB0900042E33 /* Frameworks */ = {
			isa = PBXFrameworksBuildPhase;
			buildActionMask = 2147483647;
			files = (
				CB659A24A1651FF6DC050DEE /* Pods_SpecialContentDetection.framework in Frameworks */,
			);
			runOnlyForDeploymentPostprocessing = 0;
		};
		30367489205DFB0900042E33 /* Frameworks */ = {
			isa = PBXFrameworksBuildPhase;
			buildActionMask = 2147483647;
			files = (
				3036748D205DFB0900042E33 /* SpecialContentDetection.framework in Frameworks */,
				BEDD734E1724699CFFFC8624 /* Pods_SpecialContentDetectionTests.framework in Frameworks */,
			);
			runOnlyForDeploymentPostprocessing = 0;
		};
/* End PBXFrameworksBuildPhase section */

/* Begin PBXGroup section */
		148D8CD18A8FDC76184FFB99 /* Frameworks */ = {
			isa = PBXGroup;
			children = (
				F2A14B8F7FF5D868037B755B /* Pods_ChatSpecialContent.framework */,
				5FB05E11B6F46B3BA4560D53 /* Pods_SpecialContentDetection.framework */,
				39CC1204AEF511A7A3BEF204 /* Pods_SpecialContentDetectionTests.framework */,
			);
			name = Frameworks;
			sourceTree = "<group>";
		};
		30367445205DF9FE00042E33 = {
			isa = PBXGroup;
			children = (
				30367450205DF9FE00042E33 /* ChatSpecialContent */,
				30367465205DF9FE00042E33 /* ChatSpecialContentTests */,
				30367470205DF9FE00042E33 /* ChatSpecialContentUITests */,
				30367485205DFB0900042E33 /* SpecialContentDetection */,
				30367492205DFB0A00042E33 /* SpecialContentDetectionTests */,
				3036744F205DF9FE00042E33 /* Products */,
				B53F7B21E084C46D4317798F /* Pods */,
				148D8CD18A8FDC76184FFB99 /* Frameworks */,
			);
			sourceTree = "<group>";
		};
		3036744F205DF9FE00042E33 /* Products */ = {
			isa = PBXGroup;
			children = (
				3036744E205DF9FE00042E33 /* ChatSpecialContent.app */,
				30367462205DF9FE00042E33 /* ChatSpecialContentTests.xctest */,
				3036746D205DF9FE00042E33 /* ChatSpecialContentUITests.xctest */,
				30367484205DFB0900042E33 /* SpecialContentDetection.framework */,
				3036748C205DFB0900042E33 /* SpecialContentDetectionTests.xctest */,
			);
			name = Products;
			sourceTree = "<group>";
		};
		30367450205DF9FE00042E33 /* ChatSpecialContent */ = {
			isa = PBXGroup;
			children = (
				30367451205DF9FE00042E33 /* AppDelegate.swift */,
				30367453205DF9FE00042E33 /* ViewController.swift */,
				30367455205DF9FE00042E33 /* Main.storyboard */,
				30367458205DF9FE00042E33 /* Assets.xcassets */,
				3036745A205DF9FE00042E33 /* LaunchScreen.storyboard */,
				3036745D205DF9FE00042E33 /* Info.plist */,
			);
			path = ChatSpecialContent;
			sourceTree = "<group>";
		};
		30367465205DF9FE00042E33 /* ChatSpecialContentTests */ = {
			isa = PBXGroup;
			children = (
				30367466205DF9FE00042E33 /* ChatSpecialContentTests.swift */,
				30367468205DF9FE00042E33 /* Info.plist */,
			);
			path = ChatSpecialContentTests;
			sourceTree = "<group>";
		};
		30367470205DF9FE00042E33 /* ChatSpecialContentUITests */ = {
			isa = PBXGroup;
			children = (
				30367471205DF9FE00042E33 /* ChatSpecialContentUITests.swift */,
				30367473205DF9FE00042E33 /* Info.plist */,
			);
			path = ChatSpecialContentUITests;
			sourceTree = "<group>";
		};
		30367485205DFB0900042E33 /* SpecialContentDetection */ = {
			isa = PBXGroup;
			children = (
				303674AB205DFCD500042E33 /* ChatContentDetector.swift */,
				303674A5205DFCD500042E33 /* Detectors */,
				303674A2205DFCD500042E33 /* Models */,
				30A8083D2063D7AB00D0845B /* Network */,
				30367486205DFB0900042E33 /* SpecialContentDetection.h */,
				30367487205DFB0900042E33 /* Info.plist */,
			);
			path = SpecialContentDetection;
			sourceTree = "<group>";
		};
		30367492205DFB0A00042E33 /* SpecialContentDetectionTests */ = {
			isa = PBXGroup;
			children = (
				30A808482066933C00D0845B /* Detectors */,
				30A8084F2066A4FF00D0845B /* SpecialContentDetectionTests-Bridging-Header.h */,
				30367495205DFB0A00042E33 /* Info.plist */,
			);
			path = SpecialContentDetectionTests;
			sourceTree = "<group>";
		};
		303674A2205DFCD500042E33 /* Models */ = {
			isa = PBXGroup;
			children = (
				303674A3205DFCD500042E33 /* SpecialContentMatch.swift */,
				30077BC9205F3BA40082B2BA /* SpecialContent.swift */,
				303674A4205DFCD500042E33 /* MessageSpecialContent.swift */,
				303674B4205E41E300042E33 /* LinkContent.swift */,
				30077BC7205E439B0082B2BA /* Matches.swift */,
			);
			path = Models;
			sourceTree = "<group>";
		};
		303674A5205DFCD500042E33 /* Detectors */ = {
			isa = PBXGroup;
			children = (
				303674A9205DFCD500042E33 /* SpecialContentDetector.swift */,
				303674A7205DFCD500042E33 /* RegExDetector.swift */,
				303674A6205DFCD500042E33 /* LinksDetector.swift */,
				303674A8205DFCD500042E33 /* EmoticonsDetector.swift */,
				303674AA205DFCD500042E33 /* MentionsDetector.swift */,
			);
			path = Detectors;
			sourceTree = "<group>";
		};
		30A8083D2063D7AB00D0845B /* Network */ = {
			isa = PBXGroup;
			children = (
				30A8083E2063D7D300D0845B /* LinkContentLoader.swift */,
			);
			path = Network;
			sourceTree = "<group>";
		};
		30A808482066933C00D0845B /* Detectors */ = {
			isa = PBXGroup;
			children = (
				30A8084A2066937400D0845B /* RegExDetectorTests.swift */,
				30A8084C20669D9D00D0845B /* MentionsDetectorTests.swift */,
				30A808502066ADD000D0845B /* EmoticonsDetectorTests.swift */,
				30A808522067714C00D0845B /* LinksDetectorTests.swift */,
				30A8085420677B9400D0845B /* LinkContentLoaderTests.swift */,
			);
			path = Detectors;
			sourceTree = "<group>";
		};
		B53F7B21E084C46D4317798F /* Pods */ = {
			isa = PBXGroup;
			children = (
				44D98DF3E7665E95A538F9BE /* Pods-ChatSpecialContent.debug.xcconfig */,
				929074CA976A66A2D9711355 /* Pods-ChatSpecialContent.release.xcconfig */,
				06D7CA14E7DDFF69E33D58EB /* Pods-SpecialContentDetection.debug.xcconfig */,
				4B6511924C388F7B2B2CBE9D /* Pods-SpecialContentDetection.release.xcconfig */,
				C2166D8AE8C04858724D944E /* Pods-SpecialContentDetectionTests.debug.xcconfig */,
				56946801FED171E838D4FD33 /* Pods-SpecialContentDetectionTests.release.xcconfig */,
			);
			name = Pods;
			sourceTree = "<group>";
		};
/* End PBXGroup section */

/* Begin PBXHeadersBuildPhase section */
		30367481205DFB0900042E33 /* Headers */ = {
			isa = PBXHeadersBuildPhase;
			buildActionMask = 2147483647;
			files = (
				30367496205DFB0A00042E33 /* SpecialContentDetection.h in Headers */,
			);
			runOnlyForDeploymentPostprocessing = 0;
		};
/* End PBXHeadersBuildPhase section */

/* Begin PBXNativeTarget section */
		3036744D205DF9FE00042E33 /* ChatSpecialContent */ = {
			isa = PBXNativeTarget;
			buildConfigurationList = 30367476205DF9FE00042E33 /* Build configuration list for PBXNativeTarget "ChatSpecialContent" */;
			buildPhases = (
				2BE7784EF45E3981B7968857 /* [CP] Check Pods Manifest.lock */,
				3036744A205DF9FE00042E33 /* Sources */,
				3036744B205DF9FE00042E33 /* Frameworks */,
				3036744C205DF9FE00042E33 /* Resources */,
				3036749E205DFB0A00042E33 /* Embed Frameworks */,
				2D5D96CB812FCED73FFAC484 /* [CP] Embed Pods Frameworks */,
				C0E5886E8EE07531456FBB4E /* [CP] Copy Pods Resources */,
			);
			buildRules = (
			);
			dependencies = (
				30367498205DFB0A00042E33 /* PBXTargetDependency */,
			);
			name = ChatSpecialContent;
			productName = ChatSpecialContent;
			productReference = 3036744E205DF9FE00042E33 /* ChatSpecialContent.app */;
			productType = "com.apple.product-type.application";
		};
		30367461205DF9FE00042E33 /* ChatSpecialContentTests */ = {
			isa = PBXNativeTarget;
			buildConfigurationList = 30367479205DF9FE00042E33 /* Build configuration list for PBXNativeTarget "ChatSpecialContentTests" */;
			buildPhases = (
				3036745E205DF9FE00042E33 /* Sources */,
				3036745F205DF9FE00042E33 /* Frameworks */,
				30367460205DF9FE00042E33 /* Resources */,
			);
			buildRules = (
			);
			dependencies = (
				30367464205DF9FE00042E33 /* PBXTargetDependency */,
			);
			name = ChatSpecialContentTests;
			productName = ChatSpecialContentTests;
			productReference = 30367462205DF9FE00042E33 /* ChatSpecialContentTests.xctest */;
			productType = "com.apple.product-type.bundle.unit-test";
		};
		3036746C205DF9FE00042E33 /* ChatSpecialContentUITests */ = {
			isa = PBXNativeTarget;
			buildConfigurationList = 3036747C205DF9FE00042E33 /* Build configuration list for PBXNativeTarget "ChatSpecialContentUITests" */;
			buildPhases = (
				30367469205DF9FE00042E33 /* Sources */,
				3036746A205DF9FE00042E33 /* Frameworks */,
				3036746B205DF9FE00042E33 /* Resources */,
			);
			buildRules = (
			);
			dependencies = (
				3036746F205DF9FE00042E33 /* PBXTargetDependency */,
			);
			name = ChatSpecialContentUITests;
			productName = ChatSpecialContentUITests;
			productReference = 3036746D205DF9FE00042E33 /* ChatSpecialContentUITests.xctest */;
			productType = "com.apple.product-type.bundle.ui-testing";
		};
		30367483205DFB0900042E33 /* SpecialContentDetection */ = {
			isa = PBXNativeTarget;
			buildConfigurationList = 3036749B205DFB0A00042E33 /* Build configuration list for PBXNativeTarget "SpecialContentDetection" */;
			buildPhases = (
				AD6A296303272834A0757879 /* [CP] Check Pods Manifest.lock */,
				3036747F205DFB0900042E33 /* Sources */,
				30367480205DFB0900042E33 /* Frameworks */,
				30367481205DFB0900042E33 /* Headers */,
				30367482205DFB0900042E33 /* Resources */,
				33665BBA8FCF34364484A4A5 /* [CP] Copy Pods Resources */,
			);
			buildRules = (
			);
			dependencies = (
			);
			name = SpecialContentDetection;
			productName = SpecialContentDetection;
			productReference = 30367484205DFB0900042E33 /* SpecialContentDetection.framework */;
			productType = "com.apple.product-type.framework";
		};
		3036748B205DFB0900042E33 /* SpecialContentDetectionTests */ = {
			isa = PBXNativeTarget;
			buildConfigurationList = 3036749F205DFB0A00042E33 /* Build configuration list for PBXNativeTarget "SpecialContentDetectionTests" */;
			buildPhases = (
				36ABD993391D24D7437727AA /* [CP] Check Pods Manifest.lock */,
				30367488205DFB0900042E33 /* Sources */,
				30367489205DFB0900042E33 /* Frameworks */,
				3036748A205DFB0900042E33 /* Resources */,
				8078F8642ECEA841C20B126A /* [CP] Embed Pods Frameworks */,
				FFEA6790AF20A2C1C4022081 /* [CP] Copy Pods Resources */,
			);
			buildRules = (
			);
			dependencies = (
				3036748F205DFB0900042E33 /* PBXTargetDependency */,
				30367491205DFB0900042E33 /* PBXTargetDependency */,
			);
			name = SpecialContentDetectionTests;
			productName = SpecialContentDetectionTests;
			productReference = 3036748C205DFB0900042E33 /* SpecialContentDetectionTests.xctest */;
			productType = "com.apple.product-type.bundle.unit-test";
		};
/* End PBXNativeTarget section */

/* Begin PBXProject section */
		30367446205DF9FE00042E33 /* Project object */ = {
			isa = PBXProject;
			attributes = {
				LastSwiftUpdateCheck = 0920;
				LastUpgradeCheck = 0920;
				ORGANIZATIONNAME = Atlassian;
				TargetAttributes = {
					3036744D205DF9FE00042E33 = {
						CreatedOnToolsVersion = 9.2;
						ProvisioningStyle = Automatic;
					};
					30367461205DF9FE00042E33 = {
						CreatedOnToolsVersion = 9.2;
						ProvisioningStyle = Automatic;
						TestTargetID = 3036744D205DF9FE00042E33;
					};
					3036746C205DF9FE00042E33 = {
						CreatedOnToolsVersion = 9.2;
						ProvisioningStyle = Automatic;
						TestTargetID = 3036744D205DF9FE00042E33;
					};
					30367483205DFB0900042E33 = {
						CreatedOnToolsVersion = 9.2;
						LastSwiftMigration = 0920;
						ProvisioningStyle = Automatic;
					};
					3036748B205DFB0900042E33 = {
						CreatedOnToolsVersion = 9.2;
						LastSwiftMigration = 0920;
						ProvisioningStyle = Automatic;
						TestTargetID = 3036744D205DF9FE00042E33;
					};
				};
			};
			buildConfigurationList = 30367449205DF9FE00042E33 /* Build configuration list for PBXProject "ChatSpecialContent" */;
			compatibilityVersion = "Xcode 8.0";
			developmentRegion = en;
			hasScannedForEncodings = 0;
			knownRegions = (
				en,
				Base,
			);
			mainGroup = 30367445205DF9FE00042E33;
			productRefGroup = 3036744F205DF9FE00042E33 /* Products */;
			projectDirPath = "";
			projectRoot = "";
			targets = (
				3036744D205DF9FE00042E33 /* ChatSpecialContent */,
				30367461205DF9FE00042E33 /* ChatSpecialContentTests */,
				3036746C205DF9FE00042E33 /* ChatSpecialContentUITests */,
				30367483205DFB0900042E33 /* SpecialContentDetection */,
				3036748B205DFB0900042E33 /* SpecialContentDetectionTests */,
			);
		};
/* End PBXProject section */

/* Begin PBXResourcesBuildPhase section */
		3036744C205DF9FE00042E33 /* Resources */ = {
			isa = PBXResourcesBuildPhase;
			buildActionMask = 2147483647;
			files = (
				3036745C205DF9FE00042E33 /* LaunchScreen.storyboard in Resources */,
				30367459205DF9FE00042E33 /* Assets.xcassets in Resources */,
				30367457205DF9FE00042E33 /* Main.storyboard in Resources */,
			);
			runOnlyForDeploymentPostprocessing = 0;
		};
		30367460205DF9FE00042E33 /* Resources */ = {
			isa = PBXResourcesBuildPhase;
			buildActionMask = 2147483647;
			files = (
			);
			runOnlyForDeploymentPostprocessing = 0;
		};
		3036746B205DF9FE00042E33 /* Resources */ = {
			isa = PBXResourcesBuildPhase;
			buildActionMask = 2147483647;
			files = (
			);
			runOnlyForDeploymentPostprocessing = 0;
		};
		30367482205DFB0900042E33 /* Resources */ = {
			isa = PBXResourcesBuildPhase;
			buildActionMask = 2147483647;
			files = (
			);
			runOnlyForDeploymentPostprocessing = 0;
		};
		3036748A205DFB0900042E33 /* Resources */ = {
			isa = PBXResourcesBuildPhase;
			buildActionMask = 2147483647;
			files = (
			);
			runOnlyForDeploymentPostprocessing = 0;
		};
/* End PBXResourcesBuildPhase section */

/* Begin PBXShellScriptBuildPhase section */
		2BE7784EF45E3981B7968857 /* [CP] Check Pods Manifest.lock */ = {
			isa = PBXShellScriptBuildPhase;
			buildActionMask = 2147483647;
			files = (
			);
			inputPaths = (
				"${PODS_PODFILE_DIR_PATH}/Podfile.lock",
				"${PODS_ROOT}/Manifest.lock",
			);
			name = "[CP] Check Pods Manifest.lock";
			outputPaths = (
				"$(DERIVED_FILE_DIR)/Pods-ChatSpecialContent-checkManifestLockResult.txt",
			);
			runOnlyForDeploymentPostprocessing = 0;
			shellPath = /bin/sh;
			shellScript = "diff \"${PODS_PODFILE_DIR_PATH}/Podfile.lock\" \"${PODS_ROOT}/Manifest.lock\" > /dev/null\nif [ $? != 0 ] ; then\n    # print error to STDERR\n    echo \"error: The sandbox is not in sync with the Podfile.lock. Run 'pod install' or update your CocoaPods installation.\" >&2\n    exit 1\nfi\n# This output is used by Xcode 'outputs' to avoid re-running this script phase.\necho \"SUCCESS\" > \"${SCRIPT_OUTPUT_FILE_0}\"\n";
			showEnvVarsInLog = 0;
		};
		2D5D96CB812FCED73FFAC484 /* [CP] Embed Pods Frameworks */ = {
			isa = PBXShellScriptBuildPhase;
			buildActionMask = 2147483647;
			files = (
			);
			inputPaths = (
				"${SRCROOT}/Pods/Target Support Files/Pods-ChatSpecialContent/Pods-ChatSpecialContent-frameworks.sh",
				"${BUILT_PRODUCTS_DIR}/Alamofire/Alamofire.framework",
				"${BUILT_PRODUCTS_DIR}/Kanna/Kanna.framework",
				"${BUILT_PRODUCTS_DIR}/RxCocoa/RxCocoa.framework",
				"${BUILT_PRODUCTS_DIR}/RxSwift/RxSwift.framework",
			);
			name = "[CP] Embed Pods Frameworks";
			outputPaths = (
				"${TARGET_BUILD_DIR}/${FRAMEWORKS_FOLDER_PATH}/Alamofire.framework",
				"${TARGET_BUILD_DIR}/${FRAMEWORKS_FOLDER_PATH}/Kanna.framework",
				"${TARGET_BUILD_DIR}/${FRAMEWORKS_FOLDER_PATH}/RxCocoa.framework",
				"${TARGET_BUILD_DIR}/${FRAMEWORKS_FOLDER_PATH}/RxSwift.framework",
			);
			runOnlyForDeploymentPostprocessing = 0;
			shellPath = /bin/sh;
			shellScript = "\"${SRCROOT}/Pods/Target Support Files/Pods-ChatSpecialContent/Pods-ChatSpecialContent-frameworks.sh\"\n";
			showEnvVarsInLog = 0;
		};
		33665BBA8FCF34364484A4A5 /* [CP] Copy Pods Resources */ = {
			isa = PBXShellScriptBuildPhase;
			buildActionMask = 2147483647;
			files = (
			);
			inputPaths = (
			);
			name = "[CP] Copy Pods Resources";
			outputPaths = (
			);
			runOnlyForDeploymentPostprocessing = 0;
			shellPath = /bin/sh;
			shellScript = "\"${SRCROOT}/Pods/Target Support Files/Pods-SpecialContentDetection/Pods-SpecialContentDetection-resources.sh\"\n";
			showEnvVarsInLog = 0;
		};
		36ABD993391D24D7437727AA /* [CP] Check Pods Manifest.lock */ = {
			isa = PBXShellScriptBuildPhase;
			buildActionMask = 2147483647;
			files = (
			);
			inputPaths = (
				"${PODS_PODFILE_DIR_PATH}/Podfile.lock",
				"${PODS_ROOT}/Manifest.lock",
			);
			name = "[CP] Check Pods Manifest.lock";
			outputPaths = (
				"$(DERIVED_FILE_DIR)/Pods-SpecialContentDetectionTests-checkManifestLockResult.txt",
			);
			runOnlyForDeploymentPostprocessing = 0;
			shellPath = /bin/sh;
			shellScript = "diff \"${PODS_PODFILE_DIR_PATH}/Podfile.lock\" \"${PODS_ROOT}/Manifest.lock\" > /dev/null\nif [ $? != 0 ] ; then\n    # print error to STDERR\n    echo \"error: The sandbox is not in sync with the Podfile.lock. Run 'pod install' or update your CocoaPods installation.\" >&2\n    exit 1\nfi\n# This output is used by Xcode 'outputs' to avoid re-running this script phase.\necho \"SUCCESS\" > \"${SCRIPT_OUTPUT_FILE_0}\"\n";
			showEnvVarsInLog = 0;
		};
		8078F8642ECEA841C20B126A /* [CP] Embed Pods Frameworks */ = {
			isa = PBXShellScriptBuildPhase;
			buildActionMask = 2147483647;
			files = (
			);
			inputPaths = (
				"${SRCROOT}/Pods/Target Support Files/Pods-SpecialContentDetectionTests/Pods-SpecialContentDetectionTests-frameworks.sh",
				"${BUILT_PRODUCTS_DIR}/RxSwift/RxSwift.framework",
				"${BUILT_PRODUCTS_DIR}/OHHTTPStubs/OHHTTPStubs.framework",
				"${BUILT_PRODUCTS_DIR}/RxBlocking/RxBlocking.framework",
				"${BUILT_PRODUCTS_DIR}/RxTest/RxTest.framework",
				"${BUILT_PRODUCTS_DIR}/Alamofire/Alamofire.framework",
				"${BUILT_PRODUCTS_DIR}/Kanna/Kanna.framework",
				"${BUILT_PRODUCTS_DIR}/RxCocoa/RxCocoa.framework",
			);
			name = "[CP] Embed Pods Frameworks";
			outputPaths = (
				"${TARGET_BUILD_DIR}/${FRAMEWORKS_FOLDER_PATH}/RxSwift.framework",
				"${TARGET_BUILD_DIR}/${FRAMEWORKS_FOLDER_PATH}/OHHTTPStubs.framework",
				"${TARGET_BUILD_DIR}/${FRAMEWORKS_FOLDER_PATH}/RxBlocking.framework",
				"${TARGET_BUILD_DIR}/${FRAMEWORKS_FOLDER_PATH}/RxTest.framework",
				"${TARGET_BUILD_DIR}/${FRAMEWORKS_FOLDER_PATH}/Alamofire.framework",
				"${TARGET_BUILD_DIR}/${FRAMEWORKS_FOLDER_PATH}/Kanna.framework",
				"${TARGET_BUILD_DIR}/${FRAMEWORKS_FOLDER_PATH}/RxCocoa.framework",
			);
			runOnlyForDeploymentPostprocessing = 0;
			shellPath = /bin/sh;
			shellScript = "\"${SRCROOT}/Pods/Target Support Files/Pods-SpecialContentDetectionTests/Pods-SpecialContentDetectionTests-frameworks.sh\"\n";
			showEnvVarsInLog = 0;
		};
		AD6A296303272834A0757879 /* [CP] Check Pods Manifest.lock */ = {
			isa = PBXShellScriptBuildPhase;
			buildActionMask = 2147483647;
			files = (
			);
			inputPaths = (
				"${PODS_PODFILE_DIR_PATH}/Podfile.lock",
				"${PODS_ROOT}/Manifest.lock",
			);
			name = "[CP] Check Pods Manifest.lock";
			outputPaths = (
				"$(DERIVED_FILE_DIR)/Pods-SpecialContentDetection-checkManifestLockResult.txt",
			);
			runOnlyForDeploymentPostprocessing = 0;
			shellPath = /bin/sh;
			shellScript = "diff \"${PODS_PODFILE_DIR_PATH}/Podfile.lock\" \"${PODS_ROOT}/Manifest.lock\" > /dev/null\nif [ $? != 0 ] ; then\n    # print error to STDERR\n    echo \"error: The sandbox is not in sync with the Podfile.lock. Run 'pod install' or update your CocoaPods installation.\" >&2\n    exit 1\nfi\n# This output is used by Xcode 'outputs' to avoid re-running this script phase.\necho \"SUCCESS\" > \"${SCRIPT_OUTPUT_FILE_0}\"\n";
			showEnvVarsInLog = 0;
		};
		C0E5886E8EE07531456FBB4E /* [CP] Copy Pods Resources */ = {
			isa = PBXShellScriptBuildPhase;
			buildActionMask = 2147483647;
			files = (
			);
			inputPaths = (
			);
			name = "[CP] Copy Pods Resources";
			outputPaths = (
			);
			runOnlyForDeploymentPostprocessing = 0;
			shellPath = /bin/sh;
			shellScript = "\"${SRCROOT}/Pods/Target Support Files/Pods-ChatSpecialContent/Pods-ChatSpecialContent-resources.sh\"\n";
			showEnvVarsInLog = 0;
		};
		FFEA6790AF20A2C1C4022081 /* [CP] Copy Pods Resources */ = {
			isa = PBXShellScriptBuildPhase;
			buildActionMask = 2147483647;
			files = (
			);
			inputPaths = (
			);
			name = "[CP] Copy Pods Resources";
			outputPaths = (
			);
			runOnlyForDeploymentPostprocessing = 0;
			shellPath = /bin/sh;
			shellScript = "\"${SRCROOT}/Pods/Target Support Files/Pods-SpecialContentDetectionTests/Pods-SpecialContentDetectionTests-resources.sh\"\n";
			showEnvVarsInLog = 0;
		};
/* End PBXShellScriptBuildPhase section */

/* Begin PBXSourcesBuildPhase section */
		3036744A205DF9FE00042E33 /* Sources */ = {
			isa = PBXSourcesBuildPhase;
			buildActionMask = 2147483647;
			files = (
				30367454205DF9FE00042E33 /* ViewController.swift in Sources */,
				30367452205DF9FE00042E33 /* AppDelegate.swift in Sources */,
			);
			runOnlyForDeploymentPostprocessing = 0;
		};
		3036745E205DF9FE00042E33 /* Sources */ = {
			isa = PBXSourcesBuildPhase;
			buildActionMask = 2147483647;
			files = (
				30367467205DF9FE00042E33 /* ChatSpecialContentTests.swift in Sources */,
			);
			runOnlyForDeploymentPostprocessing = 0;
		};
		30367469205DF9FE00042E33 /* Sources */ = {
			isa = PBXSourcesBuildPhase;
			buildActionMask = 2147483647;
			files = (
				30367472205DF9FE00042E33 /* ChatSpecialContentUITests.swift in Sources */,
			);
			runOnlyForDeploymentPostprocessing = 0;
		};
		3036747F205DFB0900042E33 /* Sources */ = {
			isa = PBXSourcesBuildPhase;
			buildActionMask = 2147483647;
			files = (
				303674AC205DFCD500042E33 /* SpecialContentMatch.swift in Sources */,
				303674B3205DFCD500042E33 /* ChatContentDetector.swift in Sources */,
				30077BCA205F3BA40082B2BA /* SpecialContent.swift in Sources */,
				303674B2205DFCD500042E33 /* MentionsDetector.swift in Sources */,
				303674AE205DFCD500042E33 /* LinksDetector.swift in Sources */,
				303674B5205E41E300042E33 /* LinkContent.swift in Sources */,
				303674B0205DFCD500042E33 /* EmoticonsDetector.swift in Sources */,
				303674AD205DFCD500042E33 /* MessageSpecialContent.swift in Sources */,
				303674AF205DFCD500042E33 /* RegExDetector.swift in Sources */,
				303674B1205DFCD500042E33 /* SpecialContentDetector.swift in Sources */,
				30A8083F2063D7D300D0845B /* LinkContentLoader.swift in Sources */,
				30077BC8205E439B0082B2BA /* Matches.swift in Sources */,
			);
			runOnlyForDeploymentPostprocessing = 0;
		};
		30367488205DFB0900042E33 /* Sources */ = {
			isa = PBXSourcesBuildPhase;
			buildActionMask = 2147483647;
			files = (
				30A8084D20669D9D00D0845B /* MentionsDetectorTests.swift in Sources */,
				30A808532067714C00D0845B /* LinksDetectorTests.swift in Sources */,
				30A8085520677B9400D0845B /* LinkContentLoaderTests.swift in Sources */,
				30A8084B2066937400D0845B /* RegExDetectorTests.swift in Sources */,
				30A808512066ADD000D0845B /* EmoticonsDetectorTests.swift in Sources */,
			);
			runOnlyForDeploymentPostprocessing = 0;
		};
/* End PBXSourcesBuildPhase section */

/* Begin PBXTargetDependency section */
		30367464205DF9FE00042E33 /* PBXTargetDependency */ = {
			isa = PBXTargetDependency;
			target = 3036744D205DF9FE00042E33 /* ChatSpecialContent */;
			targetProxy = 30367463205DF9FE00042E33 /* PBXContainerItemProxy */;
		};
		3036746F205DF9FE00042E33 /* PBXTargetDependency */ = {
			isa = PBXTargetDependency;
			target = 3036744D205DF9FE00042E33 /* ChatSpecialContent */;
			targetProxy = 3036746E205DF9FE00042E33 /* PBXContainerItemProxy */;
		};
		3036748F205DFB0900042E33 /* PBXTargetDependency */ = {
			isa = PBXTargetDependency;
			target = 30367483205DFB0900042E33 /* SpecialContentDetection */;
			targetProxy = 3036748E205DFB0900042E33 /* PBXContainerItemProxy */;
		};
		30367491205DFB0900042E33 /* PBXTargetDependency */ = {
			isa = PBXTargetDependency;
			target = 3036744D205DF9FE00042E33 /* ChatSpecialContent */;
			targetProxy = 30367490205DFB0900042E33 /* PBXContainerItemProxy */;
		};
		30367498205DFB0A00042E33 /* PBXTargetDependency */ = {
			isa = PBXTargetDependency;
			target = 30367483205DFB0900042E33 /* SpecialContentDetection */;
			targetProxy = 30367497205DFB0A00042E33 /* PBXContainerItemProxy */;
		};
/* End PBXTargetDependency section */

/* Begin PBXVariantGroup section */
		30367455205DF9FE00042E33 /* Main.storyboard */ = {
			isa = PBXVariantGroup;
			children = (
				30367456205DF9FE00042E33 /* Base */,
			);
			name = Main.storyboard;
			sourceTree = "<group>";
		};
		3036745A205DF9FE00042E33 /* LaunchScreen.storyboard */ = {
			isa = PBXVariantGroup;
			children = (
				3036745B205DF9FE00042E33 /* Base */,
			);
			name = LaunchScreen.storyboard;
			sourceTree = "<group>";
		};
/* End PBXVariantGroup section */

/* Begin XCBuildConfiguration section */
		30367474205DF9FE00042E33 /* Debug */ = {
			isa = XCBuildConfiguration;
			buildSettings = {
				ALWAYS_SEARCH_USER_PATHS = NO;
				CLANG_ANALYZER_NONNULL = YES;
				CLANG_ANALYZER_NUMBER_OBJECT_CONVERSION = YES_AGGRESSIVE;
				CLANG_CXX_LANGUAGE_STANDARD = "gnu++14";
				CLANG_CXX_LIBRARY = "libc++";
				CLANG_ENABLE_MODULES = YES;
				CLANG_ENABLE_OBJC_ARC = YES;
				CLANG_WARN_BLOCK_CAPTURE_AUTORELEASING = YES;
				CLANG_WARN_BOOL_CONVERSION = YES;
				CLANG_WARN_COMMA = YES;
				CLANG_WARN_CONSTANT_CONVERSION = YES;
				CLANG_WARN_DIRECT_OBJC_ISA_USAGE = YES_ERROR;
				CLANG_WARN_DOCUMENTATION_COMMENTS = YES;
				CLANG_WARN_EMPTY_BODY = YES;
				CLANG_WARN_ENUM_CONVERSION = YES;
				CLANG_WARN_INFINITE_RECURSION = YES;
				CLANG_WARN_INT_CONVERSION = YES;
				CLANG_WARN_NON_LITERAL_NULL_CONVERSION = YES;
				CLANG_WARN_OBJC_LITERAL_CONVERSION = YES;
				CLANG_WARN_OBJC_ROOT_CLASS = YES_ERROR;
				CLANG_WARN_RANGE_LOOP_ANALYSIS = YES;
				CLANG_WARN_STRICT_PROTOTYPES = YES;
				CLANG_WARN_SUSPICIOUS_MOVE = YES;
				CLANG_WARN_UNGUARDED_AVAILABILITY = YES_AGGRESSIVE;
				CLANG_WARN_UNREACHABLE_CODE = YES;
				CLANG_WARN__DUPLICATE_METHOD_MATCH = YES;
				CODE_SIGN_IDENTITY = "iPhone Developer";
				COPY_PHASE_STRIP = NO;
				DEBUG_INFORMATION_FORMAT = dwarf;
				ENABLE_STRICT_OBJC_MSGSEND = YES;
				ENABLE_TESTABILITY = YES;
				GCC_C_LANGUAGE_STANDARD = gnu11;
				GCC_DYNAMIC_NO_PIC = NO;
				GCC_NO_COMMON_BLOCKS = YES;
				GCC_OPTIMIZATION_LEVEL = 0;
				GCC_PREPROCESSOR_DEFINITIONS = (
					"DEBUG=1",
					"$(inherited)",
				);
				GCC_WARN_64_TO_32_BIT_CONVERSION = YES;
				GCC_WARN_ABOUT_RETURN_TYPE = YES_ERROR;
				GCC_WARN_UNDECLARED_SELECTOR = YES;
				GCC_WARN_UNINITIALIZED_AUTOS = YES_AGGRESSIVE;
				GCC_WARN_UNUSED_FUNCTION = YES;
				GCC_WARN_UNUSED_VARIABLE = YES;
				IPHONEOS_DEPLOYMENT_TARGET = 11.2;
				MTL_ENABLE_DEBUG_INFO = YES;
				ONLY_ACTIVE_ARCH = YES;
				SDKROOT = iphoneos;
				SWIFT_ACTIVE_COMPILATION_CONDITIONS = DEBUG;
				SWIFT_OPTIMIZATION_LEVEL = "-Onone";
			};
			name = Debug;
		};
		30367475205DF9FE00042E33 /* Release */ = {
			isa = XCBuildConfiguration;
			buildSettings = {
				ALWAYS_SEARCH_USER_PATHS = NO;
				CLANG_ANALYZER_NONNULL = YES;
				CLANG_ANALYZER_NUMBER_OBJECT_CONVERSION = YES_AGGRESSIVE;
				CLANG_CXX_LANGUAGE_STANDARD = "gnu++14";
				CLANG_CXX_LIBRARY = "libc++";
				CLANG_ENABLE_MODULES = YES;
				CLANG_ENABLE_OBJC_ARC = YES;
				CLANG_WARN_BLOCK_CAPTURE_AUTORELEASING = YES;
				CLANG_WARN_BOOL_CONVERSION = YES;
				CLANG_WARN_COMMA = YES;
				CLANG_WARN_CONSTANT_CONVERSION = YES;
				CLANG_WARN_DIRECT_OBJC_ISA_USAGE = YES_ERROR;
				CLANG_WARN_DOCUMENTATION_COMMENTS = YES;
				CLANG_WARN_EMPTY_BODY = YES;
				CLANG_WARN_ENUM_CONVERSION = YES;
				CLANG_WARN_INFINITE_RECURSION = YES;
				CLANG_WARN_INT_CONVERSION = YES;
				CLANG_WARN_NON_LITERAL_NULL_CONVERSION = YES;
				CLANG_WARN_OBJC_LITERAL_CONVERSION = YES;
				CLANG_WARN_OBJC_ROOT_CLASS = YES_ERROR;
				CLANG_WARN_RANGE_LOOP_ANALYSIS = YES;
				CLANG_WARN_STRICT_PROTOTYPES = YES;
				CLANG_WARN_SUSPICIOUS_MOVE = YES;
				CLANG_WARN_UNGUARDED_AVAILABILITY = YES_AGGRESSIVE;
				CLANG_WARN_UNREACHABLE_CODE = YES;
				CLANG_WARN__DUPLICATE_METHOD_MATCH = YES;
				CODE_SIGN_IDENTITY = "iPhone Developer";
				COPY_PHASE_STRIP = NO;
				DEBUG_INFORMATION_FORMAT = "dwarf-with-dsym";
				ENABLE_NS_ASSERTIONS = NO;
				ENABLE_STRICT_OBJC_MSGSEND = YES;
				GCC_C_LANGUAGE_STANDARD = gnu11;
				GCC_NO_COMMON_BLOCKS = YES;
				GCC_WARN_64_TO_32_BIT_CONVERSION = YES;
				GCC_WARN_ABOUT_RETURN_TYPE = YES_ERROR;
				GCC_WARN_UNDECLARED_SELECTOR = YES;
				GCC_WARN_UNINITIALIZED_AUTOS = YES_AGGRESSIVE;
				GCC_WARN_UNUSED_FUNCTION = YES;
				GCC_WARN_UNUSED_VARIABLE = YES;
				IPHONEOS_DEPLOYMENT_TARGET = 11.2;
				MTL_ENABLE_DEBUG_INFO = NO;
				SDKROOT = iphoneos;
				SWIFT_OPTIMIZATION_LEVEL = "-Owholemodule";
				VALIDATE_PRODUCT = YES;
			};
			name = Release;
		};
		30367477205DF9FE00042E33 /* Debug */ = {
			isa = XCBuildConfiguration;
			baseConfigurationReference = 44D98DF3E7665E95A538F9BE /* Pods-ChatSpecialContent.debug.xcconfig */;
			buildSettings = {
				ALWAYS_EMBED_SWIFT_STANDARD_LIBRARIES = YES;
				ASSETCATALOG_COMPILER_APPICON_NAME = AppIcon;
				CODE_SIGN_STYLE = Automatic;
				INFOPLIST_FILE = ChatSpecialContent/Info.plist;
				LD_RUNPATH_SEARCH_PATHS = "$(inherited) @executable_path/Frameworks";
				PRODUCT_BUNDLE_IDENTIFIER = com.Atlassian.ChatSpecialContent;
				PRODUCT_NAME = "$(TARGET_NAME)";
				SWIFT_VERSION = 4.0;
				TARGETED_DEVICE_FAMILY = "1,2";
			};
			name = Debug;
		};
		30367478205DF9FE00042E33 /* Release */ = {
			isa = XCBuildConfiguration;
			baseConfigurationReference = 929074CA976A66A2D9711355 /* Pods-ChatSpecialContent.release.xcconfig */;
			buildSettings = {
				ALWAYS_EMBED_SWIFT_STANDARD_LIBRARIES = YES;
				ASSETCATALOG_COMPILER_APPICON_NAME = AppIcon;
				CODE_SIGN_STYLE = Automatic;
				INFOPLIST_FILE = ChatSpecialContent/Info.plist;
				LD_RUNPATH_SEARCH_PATHS = "$(inherited) @executable_path/Frameworks";
				PRODUCT_BUNDLE_IDENTIFIER = com.Atlassian.ChatSpecialContent;
				PRODUCT_NAME = "$(TARGET_NAME)";
				SWIFT_VERSION = 4.0;
				TARGETED_DEVICE_FAMILY = "1,2";
			};
			name = Release;
		};
		3036747A205DF9FE00042E33 /* Debug */ = {
			isa = XCBuildConfiguration;
			buildSettings = {
				ALWAYS_EMBED_SWIFT_STANDARD_LIBRARIES = YES;
				BUNDLE_LOADER = "$(TEST_HOST)";
				CODE_SIGN_STYLE = Automatic;
				INFOPLIST_FILE = ChatSpecialContentTests/Info.plist;
				LD_RUNPATH_SEARCH_PATHS = "$(inherited) @executable_path/Frameworks @loader_path/Frameworks";
				PRODUCT_BUNDLE_IDENTIFIER = com.Atlassian.ChatSpecialContentTests;
				PRODUCT_NAME = "$(TARGET_NAME)";
				SWIFT_VERSION = 4.0;
				TARGETED_DEVICE_FAMILY = "1,2";
				TEST_HOST = "$(BUILT_PRODUCTS_DIR)/ChatSpecialContent.app/ChatSpecialContent";
			};
			name = Debug;
		};
		3036747B205DF9FE00042E33 /* Release */ = {
			isa = XCBuildConfiguration;
			buildSettings = {
				ALWAYS_EMBED_SWIFT_STANDARD_LIBRARIES = YES;
				BUNDLE_LOADER = "$(TEST_HOST)";
				CODE_SIGN_STYLE = Automatic;
				INFOPLIST_FILE = ChatSpecialContentTests/Info.plist;
				LD_RUNPATH_SEARCH_PATHS = "$(inherited) @executable_path/Frameworks @loader_path/Frameworks";
				PRODUCT_BUNDLE_IDENTIFIER = com.Atlassian.ChatSpecialContentTests;
				PRODUCT_NAME = "$(TARGET_NAME)";
				SWIFT_VERSION = 4.0;
				TARGETED_DEVICE_FAMILY = "1,2";
				TEST_HOST = "$(BUILT_PRODUCTS_DIR)/ChatSpecialContent.app/ChatSpecialContent";
			};
			name = Release;
		};
		3036747D205DF9FE00042E33 /* Debug */ = {
			isa = XCBuildConfiguration;
			buildSettings = {
				ALWAYS_EMBED_SWIFT_STANDARD_LIBRARIES = YES;
				CODE_SIGN_STYLE = Automatic;
				INFOPLIST_FILE = ChatSpecialContentUITests/Info.plist;
				LD_RUNPATH_SEARCH_PATHS = "$(inherited) @executable_path/Frameworks @loader_path/Frameworks";
				PRODUCT_BUNDLE_IDENTIFIER = com.Atlassian.ChatSpecialContentUITests;
				PRODUCT_NAME = "$(TARGET_NAME)";
				SWIFT_VERSION = 4.0;
				TARGETED_DEVICE_FAMILY = "1,2";
				TEST_TARGET_NAME = ChatSpecialContent;
			};
			name = Debug;
		};
		3036747E205DF9FE00042E33 /* Release */ = {
			isa = XCBuildConfiguration;
			buildSettings = {
				ALWAYS_EMBED_SWIFT_STANDARD_LIBRARIES = YES;
				CODE_SIGN_STYLE = Automatic;
				INFOPLIST_FILE = ChatSpecialContentUITests/Info.plist;
				LD_RUNPATH_SEARCH_PATHS = "$(inherited) @executable_path/Frameworks @loader_path/Frameworks";
				PRODUCT_BUNDLE_IDENTIFIER = com.Atlassian.ChatSpecialContentUITests;
				PRODUCT_NAME = "$(TARGET_NAME)";
				SWIFT_VERSION = 4.0;
				TARGETED_DEVICE_FAMILY = "1,2";
				TEST_TARGET_NAME = ChatSpecialContent;
			};
			name = Release;
		};
		3036749C205DFB0A00042E33 /* Debug */ = {
			isa = XCBuildConfiguration;
			baseConfigurationReference = 06D7CA14E7DDFF69E33D58EB /* Pods-SpecialContentDetection.debug.xcconfig */;
			buildSettings = {
				CLANG_ENABLE_MODULES = YES;
				CODE_SIGN_IDENTITY = "";
				CODE_SIGN_STYLE = Automatic;
				CURRENT_PROJECT_VERSION = 1;
				DEFINES_MODULE = YES;
				DYLIB_COMPATIBILITY_VERSION = 1;
				DYLIB_CURRENT_VERSION = 1;
				DYLIB_INSTALL_NAME_BASE = "@rpath";
				INFOPLIST_FILE = SpecialContentDetection/Info.plist;
				INSTALL_PATH = "$(LOCAL_LIBRARY_DIR)/Frameworks";
				LD_RUNPATH_SEARCH_PATHS = "$(inherited) @executable_path/Frameworks @loader_path/Frameworks";
				PRODUCT_BUNDLE_IDENTIFIER = com.Atlassian.SpecialContentDetection;
				PRODUCT_NAME = "$(TARGET_NAME:c99extidentifier)";
				SKIP_INSTALL = YES;
				SWIFT_OPTIMIZATION_LEVEL = "-Onone";
				SWIFT_VERSION = 4.0;
				TARGETED_DEVICE_FAMILY = "1,2";
				VERSIONING_SYSTEM = "apple-generic";
				VERSION_INFO_PREFIX = "";
			};
			name = Debug;
		};
		3036749D205DFB0A00042E33 /* Release */ = {
			isa = XCBuildConfiguration;
			baseConfigurationReference = 4B6511924C388F7B2B2CBE9D /* Pods-SpecialContentDetection.release.xcconfig */;
			buildSettings = {
				CLANG_ENABLE_MODULES = YES;
				CODE_SIGN_IDENTITY = "";
				CODE_SIGN_STYLE = Automatic;
				CURRENT_PROJECT_VERSION = 1;
				DEFINES_MODULE = YES;
				DYLIB_COMPATIBILITY_VERSION = 1;
				DYLIB_CURRENT_VERSION = 1;
				DYLIB_INSTALL_NAME_BASE = "@rpath";
				INFOPLIST_FILE = SpecialContentDetection/Info.plist;
				INSTALL_PATH = "$(LOCAL_LIBRARY_DIR)/Frameworks";
				LD_RUNPATH_SEARCH_PATHS = "$(inherited) @executable_path/Frameworks @loader_path/Frameworks";
				PRODUCT_BUNDLE_IDENTIFIER = com.Atlassian.SpecialContentDetection;
				PRODUCT_NAME = "$(TARGET_NAME:c99extidentifier)";
				SKIP_INSTALL = YES;
				SWIFT_VERSION = 4.0;
				TARGETED_DEVICE_FAMILY = "1,2";
				VERSIONING_SYSTEM = "apple-generic";
				VERSION_INFO_PREFIX = "";
			};
			name = Release;
		};
		303674A0205DFB0A00042E33 /* Debug */ = {
			isa = XCBuildConfiguration;
			baseConfigurationReference = C2166D8AE8C04858724D944E /* Pods-SpecialContentDetectionTests.debug.xcconfig */;
			buildSettings = {
				ALWAYS_EMBED_SWIFT_STANDARD_LIBRARIES = YES;
				CLANG_ENABLE_MODULES = YES;
				CODE_SIGN_STYLE = Automatic;
				INFOPLIST_FILE = SpecialContentDetectionTests/Info.plist;
				LD_RUNPATH_SEARCH_PATHS = "$(inherited) @executable_path/Frameworks @loader_path/Frameworks";
				PRODUCT_BUNDLE_IDENTIFIER = com.Atlassian.SpecialContentDetectionTests;
				PRODUCT_NAME = "$(TARGET_NAME)";
				SWIFT_OBJC_BRIDGING_HEADER = "SpecialContentDetectionTests/SpecialContentDetectionTests-Bridging-Header.h";
				SWIFT_OPTIMIZATION_LEVEL = "-Onone";
				SWIFT_VERSION = 4.0;
				TARGETED_DEVICE_FAMILY = "1,2";
				TEST_HOST = "$(BUILT_PRODUCTS_DIR)/ChatSpecialContent.app/ChatSpecialContent";
			};
			name = Debug;
		};
		303674A1205DFB0A00042E33 /* Release */ = {
			isa = XCBuildConfiguration;
			baseConfigurationReference = 56946801FED171E838D4FD33 /* Pods-SpecialContentDetectionTests.release.xcconfig */;
			buildSettings = {
				ALWAYS_EMBED_SWIFT_STANDARD_LIBRARIES = YES;
				CLANG_ENABLE_MODULES = YES;
				CODE_SIGN_STYLE = Automatic;
				INFOPLIST_FILE = SpecialContentDetectionTests/Info.plist;
				LD_RUNPATH_SEARCH_PATHS = "$(inherited) @executable_path/Frameworks @loader_path/Frameworks";
				PRODUCT_BUNDLE_IDENTIFIER = com.Atlassian.SpecialContentDetectionTests;
				PRODUCT_NAME = "$(TARGET_NAME)";
				SWIFT_OBJC_BRIDGING_HEADER = "SpecialContentDetectionTests/SpecialContentDetectionTests-Bridging-Header.h";
				SWIFT_VERSION = 4.0;
				TARGETED_DEVICE_FAMILY = "1,2";
				TEST_HOST = "$(BUILT_PRODUCTS_DIR)/ChatSpecialContent.app/ChatSpecialContent";
			};
			name = Release;
		};
/* End XCBuildConfiguration section */

/* Begin XCConfigurationList section */
		30367449205DF9FE00042E33 /* Build configuration list for PBXProject "ChatSpecialContent" */ = {
			isa = XCConfigurationList;
			buildConfigurations = (
				30367474205DF9FE00042E33 /* Debug */,
				30367475205DF9FE00042E33 /* Release */,
			);
			defaultConfigurationIsVisible = 0;
			defaultConfigurationName = Release;
		};
		30367476205DF9FE00042E33 /* Build configuration list for PBXNativeTarget "ChatSpecialContent" */ = {
			isa = XCConfigurationList;
			buildConfigurations = (
				30367477205DF9FE00042E33 /* Debug */,
				30367478205DF9FE00042E33 /* Release */,
			);
			defaultConfigurationIsVisible = 0;
			defaultConfigurationName = Release;
		};
		30367479205DF9FE00042E33 /* Build configuration list for PBXNativeTarget "ChatSpecialContentTests" */ = {
			isa = XCConfigurationList;
			buildConfigurations = (
				3036747A205DF9FE00042E33 /* Debug */,
				3036747B205DF9FE00042E33 /* Release */,
			);
			defaultConfigurationIsVisible = 0;
			defaultConfigurationName = Release;
		};
		3036747C205DF9FE00042E33 /* Build configuration list for PBXNativeTarget "ChatSpecialContentUITests" */ = {
			isa = XCConfigurationList;
			buildConfigurations = (
				3036747D205DF9FE00042E33 /* Debug */,
				3036747E205DF9FE00042E33 /* Release */,
			);
			defaultConfigurationIsVisible = 0;
			defaultConfigurationName = Release;
		};
		3036749B205DFB0A00042E33 /* Build configuration list for PBXNativeTarget "SpecialContentDetection" */ = {
			isa = XCConfigurationList;
			buildConfigurations = (
				3036749C205DFB0A00042E33 /* Debug */,
				3036749D205DFB0A00042E33 /* Release */,
			);
			defaultConfigurationIsVisible = 0;
			defaultConfigurationName = Release;
		};
		3036749F205DFB0A00042E33 /* Build configuration list for PBXNativeTarget "SpecialContentDetectionTests" */ = {
			isa = XCConfigurationList;
			buildConfigurations = (
				303674A0205DFB0A00042E33 /* Debug */,
				303674A1205DFB0A00042E33 /* Release */,
			);
			defaultConfigurationIsVisible = 0;
			defaultConfigurationName = Release;
		};
/* End XCConfigurationList section */
	};
	rootObject = 30367446205DF9FE00042E33 /* Project object */;
}
