// !$*UTF8*$!
{
	archiveVersion = 1;
	classes = {
	};
	objectVersion = 48;
	objects = {

/* Begin PBXBuildFile section */
		30367452205DF9FE00042E33 /* AppDelegate.swift in Sources */ = {isa = PBXBuildFile; fileRef = 30367451205DF9FE00042E33 /* AppDelegate.swift */; };
		30367454205DF9FE00042E33 /* ViewController.swift in Sources */ = {isa = PBXBuildFile; fileRef = 30367453205DF9FE00042E33 /* ViewController.swift */; };
		30367457205DF9FE00042E33 /* Main.storyboard in Resources */ = {isa = PBXBuildFile; fileRef = 30367455205DF9FE00042E33 /* Main.storyboard */; };
		30367459205DF9FE00042E33 /* Assets.xcassets in Resources */ = {isa = PBXBuildFile; fileRef = 30367458205DF9FE00042E33 /* Assets.xcassets */; };
		3036745C205DF9FE00042E33 /* LaunchScreen.storyboard in Resources */ = {isa = PBXBuildFile; fileRef = 3036745A205DF9FE00042E33 /* LaunchScreen.storyboard */; };
		30367467205DF9FE00042E33 /* ChatSpecialContentTests.swift in Sources */ = {isa = PBXBuildFile; fileRef = 30367466205DF9FE00042E33 /* ChatSpecialContentTests.swift */; };
		30367472205DF9FE00042E33 /* ChatSpecialContentUITests.swift in Sources */ = {isa = PBXBuildFile; fileRef = 30367471205DF9FE00042E33 /* ChatSpecialContentUITests.swift */; };
/* End PBXBuildFile section */

/* Begin PBXContainerItemProxy section */
		30367463205DF9FE00042E33 /* PBXContainerItemProxy */ = {
			isa = PBXContainerItemProxy;
			containerPortal = 30367446205DF9FE00042E33 /* Project object */;
			proxyType = 1;
			remoteGlobalIDString = 3036744D205DF9FE00042E33;
			remoteInfo = ChatSpecialContent;
		};
		3036746E205DF9FE00042E33 /* PBXContainerItemProxy */ = {
			isa = PBXContainerItemProxy;
			containerPortal = 30367446205DF9FE00042E33 /* Project object */;
			proxyType = 1;
			remoteGlobalIDString = 3036744D205DF9FE00042E33;
			remoteInfo = ChatSpecialContent;
		};
/* End PBXContainerItemProxy section */

/* Begin PBXFileReference section */
		3036744E205DF9FE00042E33 /* ChatSpecialContent.app */ = {isa = PBXFileReference; explicitFileType = wrapper.application; includeInIndex = 0; path = ChatSpecialContent.app; sourceTree = BUILT_PRODUCTS_DIR; };
		30367451205DF9FE00042E33 /* AppDelegate.swift */ = {isa = PBXFileReference; lastKnownFileType = sourcecode.swift; path = AppDelegate.swift; sourceTree = "<group>"; };
		30367453205DF9FE00042E33 /* ViewController.swift */ = {isa = PBXFileReference; lastKnownFileType = sourcecode.swift; path = ViewController.swift; sourceTree = "<group>"; };
		30367456205DF9FE00042E33 /* Base */ = {isa = PBXFileReference; lastKnownFileType = file.storyboard; name = Base; path = Base.lproj/Main.storyboard; sourceTree = "<group>"; };
		30367458205DF9FE00042E33 /* Assets.xcassets */ = {isa = PBXFileReference; lastKnownFileType = folder.assetcatalog; path = Assets.xcassets; sourceTree = "<group>"; };
		3036745B205DF9FE00042E33 /* Base */ = {isa = PBXFileReference; lastKnownFileType = file.storyboard; name = Base; path = Base.lproj/LaunchScreen.storyboard; sourceTree = "<group>"; };
		3036745D205DF9FE00042E33 /* Info.plist */ = {isa = PBXFileReference; lastKnownFileType = text.plist.xml; path = Info.plist; sourceTree = "<group>"; };
		30367462205DF9FE00042E33 /* ChatSpecialContentTests.xctest */ = {isa = PBXFileReference; explicitFileType = wrapper.cfbundle; includeInIndex = 0; path = ChatSpecialContentTests.xctest; sourceTree = BUILT_PRODUCTS_DIR; };
		30367466205DF9FE00042E33 /* ChatSpecialContentTests.swift */ = {isa = PBXFileReference; lastKnownFileType = sourcecode.swift; path = ChatSpecialContentTests.swift; sourceTree = "<group>"; };
		30367468205DF9FE00042E33 /* Info.plist */ = {isa = PBXFileReference; lastKnownFileType = text.plist.xml; path = Info.plist; sourceTree = "<group>"; };
		3036746D205DF9FE00042E33 /* ChatSpecialContentUITests.xctest */ = {isa = PBXFileReference; explicitFileType = wrapper.cfbundle; includeInIndex = 0; path = ChatSpecialContentUITests.xctest; sourceTree = BUILT_PRODUCTS_DIR; };
		30367471205DF9FE00042E33 /* ChatSpecialContentUITests.swift */ = {isa = PBXFileReference; lastKnownFileType = sourcecode.swift; path = ChatSpecialContentUITests.swift; sourceTree = "<group>"; };
		30367473205DF9FE00042E33 /* Info.plist */ = {isa = PBXFileReference; lastKnownFileType = text.plist.xml; path = Info.plist; sourceTree = "<group>"; };
/* End PBXFileReference section */

/* Begin PBXFrameworksBuildPhase section */
		3036744B205DF9FE00042E33 /* Frameworks */ = {
			isa = PBXFrameworksBuildPhase;
			buildActionMask = 2147483647;
			files = (
			);
			runOnlyForDeploymentPostprocessing = 0;
		};
		3036745F205DF9FE00042E33 /* Frameworks */ = {
			isa = PBXFrameworksBuildPhase;
			buildActionMask = 2147483647;
			files = (
			);
			runOnlyForDeploymentPostprocessing = 0;
		};
		3036746A205DF9FE00042E33 /* Frameworks */ = {
			isa = PBXFrameworksBuildPhase;
			buildActionMask = 2147483647;
			files = (
			);
			runOnlyForDeploymentPostprocessing = 0;
		};
/* End PBXFrameworksBuildPhase section */

/* Begin PBXGroup section */
		30367445205DF9FE00042E33 = {
			isa = PBXGroup;
			children = (
				30367450205DF9FE00042E33 /* ChatSpecialContent */,
				30367465205DF9FE00042E33 /* ChatSpecialContentTests */,
				30367470205DF9FE00042E33 /* ChatSpecialContentUITests */,
				3036744F205DF9FE00042E33 /* Products */,
			);
			sourceTree = "<group>";
		};
		3036744F205DF9FE00042E33 /* Products */ = {
			isa = PBXGroup;
			children = (
				3036744E205DF9FE00042E33 /* ChatSpecialContent.app */,
				30367462205DF9FE00042E33 /* ChatSpecialContentTests.xctest */,
				3036746D205DF9FE00042E33 /* ChatSpecialContentUITests.xctest */,
			);
			name = Products;
			sourceTree = "<group>";
		};
		30367450205DF9FE00042E33 /* ChatSpecialContent */ = {
			isa = PBXGroup;
			children = (
				30367451205DF9FE00042E33 /* AppDelegate.swift */,
				30367453205DF9FE00042E33 /* ViewController.swift */,
				30367455205DF9FE00042E33 /* Main.storyboard */,
				30367458205DF9FE00042E33 /* Assets.xcassets */,
				3036745A205DF9FE00042E33 /* LaunchScreen.storyboard */,
				3036745D205DF9FE00042E33 /* Info.plist */,
			);
			path = ChatSpecialContent;
			sourceTree = "<group>";
		};
		30367465205DF9FE00042E33 /* ChatSpecialContentTests */ = {
			isa = PBXGroup;
			children = (
				30367466205DF9FE00042E33 /* ChatSpecialContentTests.swift */,
				30367468205DF9FE00042E33 /* Info.plist */,
			);
			path = ChatSpecialContentTests;
			sourceTree = "<group>";
		};
		30367470205DF9FE00042E33 /* ChatSpecialContentUITests */ = {
			isa = PBXGroup;
			children = (
				30367471205DF9FE00042E33 /* ChatSpecialContentUITests.swift */,
				30367473205DF9FE00042E33 /* Info.plist */,
			);
			path = ChatSpecialContentUITests;
			sourceTree = "<group>";
		};
/* End PBXGroup section */

/* Begin PBXNativeTarget section */
		3036744D205DF9FE00042E33 /* ChatSpecialContent */ = {
			isa = PBXNativeTarget;
			buildConfigurationList = 30367476205DF9FE00042E33 /* Build configuration list for PBXNativeTarget "ChatSpecialContent" */;
			buildPhases = (
				3036744A205DF9FE00042E33 /* Sources */,
				3036744B205DF9FE00042E33 /* Frameworks */,
				3036744C205DF9FE00042E33 /* Resources */,
			);
			buildRules = (
			);
			dependencies = (
			);
			name = ChatSpecialContent;
			productName = ChatSpecialContent;
			productReference = 3036744E205DF9FE00042E33 /* ChatSpecialContent.app */;
			productType = "com.apple.product-type.application";
		};
		30367461205DF9FE00042E33 /* ChatSpecialContentTests */ = {
			isa = PBXNativeTarget;
			buildConfigurationList = 30367479205DF9FE00042E33 /* Build configuration list for PBXNativeTarget "ChatSpecialContentTests" */;
			buildPhases = (
				3036745E205DF9FE00042E33 /* Sources */,
				3036745F205DF9FE00042E33 /* Frameworks */,
				30367460205DF9FE00042E33 /* Resources */,
			);
			buildRules = (
			);
			dependencies = (
				30367464205DF9FE00042E33 /* PBXTargetDependency */,
			);
			name = ChatSpecialContentTests;
			productName = ChatSpecialContentTests;
			productReference = 30367462205DF9FE00042E33 /* ChatSpecialContentTests.xctest */;
			productType = "com.apple.product-type.bundle.unit-test";
		};
		3036746C205DF9FE00042E33 /* ChatSpecialContentUITests */ = {
			isa = PBXNativeTarget;
			buildConfigurationList = 3036747C205DF9FE00042E33 /* Build configuration list for PBXNativeTarget "ChatSpecialContentUITests" */;
			buildPhases = (
				30367469205DF9FE00042E33 /* Sources */,
				3036746A205DF9FE00042E33 /* Frameworks */,
				3036746B205DF9FE00042E33 /* Resources */,
			);
			buildRules = (
			);
			dependencies = (
				3036746F205DF9FE00042E33 /* PBXTargetDependency */,
			);
			name = ChatSpecialContentUITests;
			productName = ChatSpecialContentUITests;
			productReference = 3036746D205DF9FE00042E33 /* ChatSpecialContentUITests.xctest */;
			productType = "com.apple.product-type.bundle.ui-testing";
		};
/* End PBXNativeTarget section */

/* Begin PBXProject section */
		30367446205DF9FE00042E33 /* Project object */ = {
			isa = PBXProject;
			attributes = {
				LastSwiftUpdateCheck = 0920;
				LastUpgradeCheck = 0920;
				ORGANIZATIONNAME = Atlassian;
				TargetAttributes = {
					3036744D205DF9FE00042E33 = {
						CreatedOnToolsVersion = 9.2;
						ProvisioningStyle = Automatic;
					};
					30367461205DF9FE00042E33 = {
						CreatedOnToolsVersion = 9.2;
						ProvisioningStyle = Automatic;
						TestTargetID = 3036744D205DF9FE00042E33;
					};
					3036746C205DF9FE00042E33 = {
						CreatedOnToolsVersion = 9.2;
						ProvisioningStyle = Automatic;
						TestTargetID = 3036744D205DF9FE00042E33;
					};
				};
			};
			buildConfigurationList = 30367449205DF9FE00042E33 /* Build configuration list for PBXProject "ChatSpecialContent" */;
			compatibilityVersion = "Xcode 8.0";
			developmentRegion = en;
			hasScannedForEncodings = 0;
			knownRegions = (
				en,
				Base,
			);
			mainGroup = 30367445205DF9FE00042E33;
			productRefGroup = 3036744F205DF9FE00042E33 /* Products */;
			projectDirPath = "";
			projectRoot = "";
			targets = (
				3036744D205DF9FE00042E33 /* ChatSpecialContent */,
				30367461205DF9FE00042E33 /* ChatSpecialContentTests */,
				3036746C205DF9FE00042E33 /* ChatSpecialContentUITests */,
			);
		};
/* End PBXProject section */

/* Begin PBXResourcesBuildPhase section */
		3036744C205DF9FE00042E33 /* Resources */ = {
			isa = PBXResourcesBuildPhase;
			buildActionMask = 2147483647;
			files = (
				3036745C205DF9FE00042E33 /* LaunchScreen.storyboard in Resources */,
				30367459205DF9FE00042E33 /* Assets.xcassets in Resources */,
				30367457205DF9FE00042E33 /* Main.storyboard in Resources */,
			);
			runOnlyForDeploymentPostprocessing = 0;
		};
		30367460205DF9FE00042E33 /* Resources */ = {
			isa = PBXResourcesBuildPhase;
			buildActionMask = 2147483647;
			files = (
			);
			runOnlyForDeploymentPostprocessing = 0;
		};
		3036746B205DF9FE00042E33 /* Resources */ = {
			isa = PBXResourcesBuildPhase;
			buildActionMask = 2147483647;
			files = (
			);
			runOnlyForDeploymentPostprocessing = 0;
		};
/* End PBXResourcesBuildPhase section */

/* Begin PBXSourcesBuildPhase section */
		3036744A205DF9FE00042E33 /* Sources */ = {
			isa = PBXSourcesBuildPhase;
			buildActionMask = 2147483647;
			files = (
				30367454205DF9FE00042E33 /* ViewController.swift in Sources */,
				30367452205DF9FE00042E33 /* AppDelegate.swift in Sources */,
			);
			runOnlyForDeploymentPostprocessing = 0;
		};
		3036745E205DF9FE00042E33 /* Sources */ = {
			isa = PBXSourcesBuildPhase;
			buildActionMask = 2147483647;
			files = (
				30367467205DF9FE00042E33 /* ChatSpecialContentTests.swift in Sources */,
			);
			runOnlyForDeploymentPostprocessing = 0;
		};
		30367469205DF9FE00042E33 /* Sources */ = {
			isa = PBXSourcesBuildPhase;
			buildActionMask = 2147483647;
			files = (
				30367472205DF9FE00042E33 /* ChatSpecialContentUITests.swift in Sources */,
			);
			runOnlyForDeploymentPostprocessing = 0;
		};
/* End PBXSourcesBuildPhase section */

/* Begin PBXTargetDependency section */
		30367464205DF9FE00042E33 /* PBXTargetDependency */ = {
			isa = PBXTargetDependency;
			target = 3036744D205DF9FE00042E33 /* ChatSpecialContent */;
			targetProxy = 30367463205DF9FE00042E33 /* PBXContainerItemProxy */;
		};
		3036746F205DF9FE00042E33 /* PBXTargetDependency */ = {
			isa = PBXTargetDependency;
			target = 3036744D205DF9FE00042E33 /* ChatSpecialContent */;
			targetProxy = 3036746E205DF9FE00042E33 /* PBXContainerItemProxy */;
		};
/* End PBXTargetDependency section */

/* Begin PBXVariantGroup section */
		30367455205DF9FE00042E33 /* Main.storyboard */ = {
			isa = PBXVariantGroup;
			children = (
				30367456205DF9FE00042E33 /* Base */,
			);
			name = Main.storyboard;
			sourceTree = "<group>";
		};
		3036745A205DF9FE00042E33 /* LaunchScreen.storyboard */ = {
			isa = PBXVariantGroup;
			children = (
				3036745B205DF9FE00042E33 /* Base */,
			);
			name = LaunchScreen.storyboard;
			sourceTree = "<group>";
		};
/* End PBXVariantGroup section */

/* Begin XCBuildConfiguration section */
		30367474205DF9FE00042E33 /* Debug */ = {
			isa = XCBuildConfiguration;
			buildSettings = {
				ALWAYS_SEARCH_USER_PATHS = NO;
				CLANG_ANALYZER_NONNULL = YES;
				CLANG_ANALYZER_NUMBER_OBJECT_CONVERSION = YES_AGGRESSIVE;
				CLANG_CXX_LANGUAGE_STANDARD = "gnu++14";
				CLANG_CXX_LIBRARY = "libc++";
				CLANG_ENABLE_MODULES = YES;
				CLANG_ENABLE_OBJC_ARC = YES;
				CLANG_WARN_BLOCK_CAPTURE_AUTORELEASING = YES;
				CLANG_WARN_BOOL_CONVERSION = YES;
				CLANG_WARN_COMMA = YES;
				CLANG_WARN_CONSTANT_CONVERSION = YES;
				CLANG_WARN_DIRECT_OBJC_ISA_USAGE = YES_ERROR;
				CLANG_WARN_DOCUMENTATION_COMMENTS = YES;
				CLANG_WARN_EMPTY_BODY = YES;
				CLANG_WARN_ENUM_CONVERSION = YES;
				CLANG_WARN_INFINITE_RECURSION = YES;
				CLANG_WARN_INT_CONVERSION = YES;
				CLANG_WARN_NON_LITERAL_NULL_CONVERSION = YES;
				CLANG_WARN_OBJC_LITERAL_CONVERSION = YES;
				CLANG_WARN_OBJC_ROOT_CLASS = YES_ERROR;
				CLANG_WARN_RANGE_LOOP_ANALYSIS = YES;
				CLANG_WARN_STRICT_PROTOTYPES = YES;
				CLANG_WARN_SUSPICIOUS_MOVE = YES;
				CLANG_WARN_UNGUARDED_AVAILABILITY = YES_AGGRESSIVE;
				CLANG_WARN_UNREACHABLE_CODE = YES;
				CLANG_WARN__DUPLICATE_METHOD_MATCH = YES;
				CODE_SIGN_IDENTITY = "iPhone Developer";
				COPY_PHASE_STRIP = NO;
				DEBUG_INFORMATION_FORMAT = dwarf;
				ENABLE_STRICT_OBJC_MSGSEND = YES;
				ENABLE_TESTABILITY = YES;
				GCC_C_LANGUAGE_STANDARD = gnu11;
				GCC_DYNAMIC_NO_PIC = NO;
				GCC_NO_COMMON_BLOCKS = YES;
				GCC_OPTIMIZATION_LEVEL = 0;
				GCC_PREPROCESSOR_DEFINITIONS = (
					"DEBUG=1",
					"$(inherited)",
				);
				GCC_WARN_64_TO_32_BIT_CONVERSION = YES;
				GCC_WARN_ABOUT_RETURN_TYPE = YES_ERROR;
				GCC_WARN_UNDECLARED_SELECTOR = YES;
				GCC_WARN_UNINITIALIZED_AUTOS = YES_AGGRESSIVE;
				GCC_WARN_UNUSED_FUNCTION = YES;
				GCC_WARN_UNUSED_VARIABLE = YES;
				IPHONEOS_DEPLOYMENT_TARGET = 11.2;
				MTL_ENABLE_DEBUG_INFO = YES;
				ONLY_ACTIVE_ARCH = YES;
				SDKROOT = iphoneos;
				SWIFT_ACTIVE_COMPILATION_CONDITIONS = DEBUG;
				SWIFT_OPTIMIZATION_LEVEL = "-Onone";
			};
			name = Debug;
		};
		30367475205DF9FE00042E33 /* Release */ = {
			isa = XCBuildConfiguration;
			buildSettings = {
				ALWAYS_SEARCH_USER_PATHS = NO;
				CLANG_ANALYZER_NONNULL = YES;
				CLANG_ANALYZER_NUMBER_OBJECT_CONVERSION = YES_AGGRESSIVE;
				CLANG_CXX_LANGUAGE_STANDARD = "gnu++14";
				CLANG_CXX_LIBRARY = "libc++";
				CLANG_ENABLE_MODULES = YES;
				CLANG_ENABLE_OBJC_ARC = YES;
				CLANG_WARN_BLOCK_CAPTURE_AUTORELEASING = YES;
				CLANG_WARN_BOOL_CONVERSION = YES;
				CLANG_WARN_COMMA = YES;
				CLANG_WARN_CONSTANT_CONVERSION = YES;
				CLANG_WARN_DIRECT_OBJC_ISA_USAGE = YES_ERROR;
				CLANG_WARN_DOCUMENTATION_COMMENTS = YES;
				CLANG_WARN_EMPTY_BODY = YES;
				CLANG_WARN_ENUM_CONVERSION = YES;
				CLANG_WARN_INFINITE_RECURSION = YES;
				CLANG_WARN_INT_CONVERSION = YES;
				CLANG_WARN_NON_LITERAL_NULL_CONVERSION = YES;
				CLANG_WARN_OBJC_LITERAL_CONVERSION = YES;
				CLANG_WARN_OBJC_ROOT_CLASS = YES_ERROR;
				CLANG_WARN_RANGE_LOOP_ANALYSIS = YES;
				CLANG_WARN_STRICT_PROTOTYPES = YES;
				CLANG_WARN_SUSPICIOUS_MOVE = YES;
				CLANG_WARN_UNGUARDED_AVAILABILITY = YES_AGGRESSIVE;
				CLANG_WARN_UNREACHABLE_CODE = YES;
				CLANG_WARN__DUPLICATE_METHOD_MATCH = YES;
				CODE_SIGN_IDENTITY = "iPhone Developer";
				COPY_PHASE_STRIP = NO;
				DEBUG_INFORMATION_FORMAT = "dwarf-with-dsym";
				ENABLE_NS_ASSERTIONS = NO;
				ENABLE_STRICT_OBJC_MSGSEND = YES;
				GCC_C_LANGUAGE_STANDARD = gnu11;
				GCC_NO_COMMON_BLOCKS = YES;
				GCC_WARN_64_TO_32_BIT_CONVERSION = YES;
				GCC_WARN_ABOUT_RETURN_TYPE = YES_ERROR;
				GCC_WARN_UNDECLARED_SELECTOR = YES;
				GCC_WARN_UNINITIALIZED_AUTOS = YES_AGGRESSIVE;
				GCC_WARN_UNUSED_FUNCTION = YES;
				GCC_WARN_UNUSED_VARIABLE = YES;
				IPHONEOS_DEPLOYMENT_TARGET = 11.2;
				MTL_ENABLE_DEBUG_INFO = NO;
				SDKROOT = iphoneos;
				SWIFT_OPTIMIZATION_LEVEL = "-Owholemodule";
				VALIDATE_PRODUCT = YES;
			};
			name = Release;
		};
		30367477205DF9FE00042E33 /* Debug */ = {
			isa = XCBuildConfiguration;
			buildSettings = {
				ASSETCATALOG_COMPILER_APPICON_NAME = AppIcon;
				CODE_SIGN_STYLE = Automatic;
				INFOPLIST_FILE = ChatSpecialContent/Info.plist;
				LD_RUNPATH_SEARCH_PATHS = "$(inherited) @executable_path/Frameworks";
				PRODUCT_BUNDLE_IDENTIFIER = com.Atlassian.ChatSpecialContent;
				PRODUCT_NAME = "$(TARGET_NAME)";
				SWIFT_VERSION = 4.0;
				TARGETED_DEVICE_FAMILY = "1,2";
			};
			name = Debug;
		};
		30367478205DF9FE00042E33 /* Release */ = {
			isa = XCBuildConfiguration;
			buildSettings = {
				ASSETCATALOG_COMPILER_APPICON_NAME = AppIcon;
				CODE_SIGN_STYLE = Automatic;
				INFOPLIST_FILE = ChatSpecialContent/Info.plist;
				LD_RUNPATH_SEARCH_PATHS = "$(inherited) @executable_path/Frameworks";
				PRODUCT_BUNDLE_IDENTIFIER = com.Atlassian.ChatSpecialContent;
				PRODUCT_NAME = "$(TARGET_NAME)";
				SWIFT_VERSION = 4.0;
				TARGETED_DEVICE_FAMILY = "1,2";
			};
			name = Release;
		};
		3036747A205DF9FE00042E33 /* Debug */ = {
			isa = XCBuildConfiguration;
			buildSettings = {
				ALWAYS_EMBED_SWIFT_STANDARD_LIBRARIES = YES;
				BUNDLE_LOADER = "$(TEST_HOST)";
				CODE_SIGN_STYLE = Automatic;
				INFOPLIST_FILE = ChatSpecialContentTests/Info.plist;
				LD_RUNPATH_SEARCH_PATHS = "$(inherited) @executable_path/Frameworks @loader_path/Frameworks";
				PRODUCT_BUNDLE_IDENTIFIER = com.Atlassian.ChatSpecialContentTests;
				PRODUCT_NAME = "$(TARGET_NAME)";
				SWIFT_VERSION = 4.0;
				TARGETED_DEVICE_FAMILY = "1,2";
				TEST_HOST = "$(BUILT_PRODUCTS_DIR)/ChatSpecialContent.app/ChatSpecialContent";
			};
			name = Debug;
		};
		3036747B205DF9FE00042E33 /* Release */ = {
			isa = XCBuildConfiguration;
			buildSettings = {
				ALWAYS_EMBED_SWIFT_STANDARD_LIBRARIES = YES;
				BUNDLE_LOADER = "$(TEST_HOST)";
				CODE_SIGN_STYLE = Automatic;
				INFOPLIST_FILE = ChatSpecialContentTests/Info.plist;
				LD_RUNPATH_SEARCH_PATHS = "$(inherited) @executable_path/Frameworks @loader_path/Frameworks";
				PRODUCT_BUNDLE_IDENTIFIER = com.Atlassian.ChatSpecialContentTests;
				PRODUCT_NAME = "$(TARGET_NAME)";
				SWIFT_VERSION = 4.0;
				TARGETED_DEVICE_FAMILY = "1,2";
				TEST_HOST = "$(BUILT_PRODUCTS_DIR)/ChatSpecialContent.app/ChatSpecialContent";
			};
			name = Release;
		};
		3036747D205DF9FE00042E33 /* Debug */ = {
			isa = XCBuildConfiguration;
			buildSettings = {
				ALWAYS_EMBED_SWIFT_STANDARD_LIBRARIES = YES;
				CODE_SIGN_STYLE = Automatic;
				INFOPLIST_FILE = ChatSpecialContentUITests/Info.plist;
				LD_RUNPATH_SEARCH_PATHS = "$(inherited) @executable_path/Frameworks @loader_path/Frameworks";
				PRODUCT_BUNDLE_IDENTIFIER = com.Atlassian.ChatSpecialContentUITests;
				PRODUCT_NAME = "$(TARGET_NAME)";
				SWIFT_VERSION = 4.0;
				TARGETED_DEVICE_FAMILY = "1,2";
				TEST_TARGET_NAME = ChatSpecialContent;
			};
			name = Debug;
		};
		3036747E205DF9FE00042E33 /* Release */ = {
			isa = XCBuildConfiguration;
			buildSettings = {
				ALWAYS_EMBED_SWIFT_STANDARD_LIBRARIES = YES;
				CODE_SIGN_STYLE = Automatic;
				INFOPLIST_FILE = ChatSpecialContentUITests/Info.plist;
				LD_RUNPATH_SEARCH_PATHS = "$(inherited) @executable_path/Frameworks @loader_path/Frameworks";
				PRODUCT_BUNDLE_IDENTIFIER = com.Atlassian.ChatSpecialContentUITests;
				PRODUCT_NAME = "$(TARGET_NAME)";
				SWIFT_VERSION = 4.0;
				TARGETED_DEVICE_FAMILY = "1,2";
				TEST_TARGET_NAME = ChatSpecialContent;
			};
			name = Release;
		};
/* End XCBuildConfiguration section */

/* Begin XCConfigurationList section */
		30367449205DF9FE00042E33 /* Build configuration list for PBXProject "ChatSpecialContent" */ = {
			isa = XCConfigurationList;
			buildConfigurations = (
				30367474205DF9FE00042E33 /* Debug */,
				30367475205DF9FE00042E33 /* Release */,
			);
			defaultConfigurationIsVisible = 0;
			defaultConfigurationName = Release;
		};
		30367476205DF9FE00042E33 /* Build configuration list for PBXNativeTarget "ChatSpecialContent" */ = {
			isa = XCConfigurationList;
			buildConfigurations = (
				30367477205DF9FE00042E33 /* Debug */,
				30367478205DF9FE00042E33 /* Release */,
			);
			defaultConfigurationIsVisible = 0;
			defaultConfigurationName = Release;
		};
		30367479205DF9FE00042E33 /* Build configuration list for PBXNativeTarget "ChatSpecialContentTests" */ = {
			isa = XCConfigurationList;
			buildConfigurations = (
				3036747A205DF9FE00042E33 /* Debug */,
				3036747B205DF9FE00042E33 /* Release */,
			);
			defaultConfigurationIsVisible = 0;
			defaultConfigurationName = Release;
		};
		3036747C205DF9FE00042E33 /* Build configuration list for PBXNativeTarget "ChatSpecialContentUITests" */ = {
			isa = XCConfigurationList;
			buildConfigurations = (
				3036747D205DF9FE00042E33 /* Debug */,
				3036747E205DF9FE00042E33 /* Release */,
			);
			defaultConfigurationIsVisible = 0;
			defaultConfigurationName = Release;
		};
/* End XCConfigurationList section */
	};
	rootObject = 30367446205DF9FE00042E33 /* Project object */;
}
